<?xml version="1.0" encoding="UTF-8" standalone="yes" ?>
<CodeBlocks_project_file>
	<FileVersion major="1" minor="6" />
	<Project>
		<Option title="Musical-Tabletop-Coding-Framework" />
		<Option makefile="makefile" />
		<Option pch_mode="2" />
		<Option compiler="gcc" />
		<Option virtualFolders="addons\;src\;addons\ofx2DFigures\src\;addons\ofxGlobalConfig\src\;addons\ofxOsc\src\;addons\ofxTableGestures\src\Core\;addons\ofxTableGestures\src\Feedback\;addons\ofxTableGestures\src\Gestures\;addons\ofxTableGestures\src\Gestures\Gestures-Extras\;addons\ofxTableGestures\src\Gestures\Gestures\;addons\ofxTableGestures\src\Gestures\tuio1.1\;addons\ofxTableGestures\src\Render\;addons\ofxTableGestures\src\Simulator\;addons\ofxTableGestures\src\Utils\;addons\ofxXmlSettings\src\;build config\;conf\;addons\ofxOsc\lib\;addons\ofxOsc\lib\oscpack\;addons\ofxOsc\lib\oscpack\ip\;addons\ofxOsc\lib\oscpack\osc\;addons\ofxXmlSettings\lib\;" />
		<Build>
			<Target title="release">
				<Option output="bin\$(PROJECT_NAME)" prefix_auto="1" extension_auto="1" />
				<Option working_dir="bin" />
				<Option object_output="obj\release" />
				<Option external_deps="..\..\..\libs\openFrameworksCompiled\lib\win_cb\openFrameworks.lib;" />
				<Option type="1" />
				<Option compiler="gcc" />
				<Option projectLinkerOptionsRelation="2" />
				<Compiler>
					<Add option="-O2" />
				</Compiler>
				<Linker>
					<Add option="-s" />
					<Add option="../../../libs/openFrameworksCompiled/lib/win_cb/openFrameworks.lib" />
				</Linker>
			</Target>
			<Target title="debug">
				<Option output="bin\$(PROJECT_NAME)_DEBUG" prefix_auto="1" extension_auto="1" />
				<Option working_dir="bin" />
				<Option object_output="obj\debug\" />
				<Option external_deps="..\..\..\libs\openFrameworksCompiled\lib\win_cb\openFrameworksDebug.lib;" />
				<Option type="1" />
				<Option compiler="gcc" />
				<Option projectLinkerOptionsRelation="2" />
				<Compiler>
					<Add option="-g" />
				</Compiler>
				<Linker>
					<Add option="../../../libs/openFrameworksCompiled/lib/win_cb/openFrameworksDebug.lib" />
				</Linker>
			</Target>
		</Build>
		<Compiler>
			<Add option="-Wno-multichar" />
			<Add directory="..\..\..\libs\glu\include" />
			<Add directory="..\..\..\libs\freetype\include" />
			<Add directory="..\..\..\libs\freetype\include\freetype2" />
			<Add directory="..\..\..\libs\FreeImage\include" />
			<Add directory="..\..\..\libs\quicktime\include" />
			<Add directory="..\..\..\libs\rtAudio\include" />
			<Add directory="..\..\..\libs\fmodex\include" />
			<Add directory="..\..\..\libs\videoInput\include" />
			<Add directory="..\..\..\libs\glew\include" />
			<Add directory="..\..\..\libs\glut\include" />
			<Add directory="..\..\..\libs\openFrameworks" />
			<Add directory="..\..\..\libs\openFrameworks\3d" />
			<Add directory="..\..\..\libs\openFrameworks\app" />
			<Add directory="..\..\..\libs\openFrameworks\communication" />
			<Add directory="..\..\..\libs\openFrameworks\events" />
			<Add directory="..\..\..\libs\openFrameworks\gl" />
			<Add directory="..\..\..\libs\openFrameworks\graphics" />
			<Add directory="..\..\..\libs\openFrameworks\math" />
			<Add directory="..\..\..\libs\openFrameworks\sound" />
			<Add directory="..\..\..\libs\openFrameworks\types" />
			<Add directory="..\..\..\libs\openFrameworks\utils" />
			<Add directory="..\..\..\libs\openFrameworks\video" />
			<Add directory="..\..\..\libs\poco\include" />
			<Add directory="..\..\..\libs\tess2\include" />
			<Add directory="..\..\..\libs\cairo\include\cairo" />
			<Add directory="..\..\..\addons\ofxOsc\libs\oscpack\src\osc" />
			<Add directory="..\..\..\addons\ofxOsc\libs\oscpack\src" />
			<Add directory="src" />
			<Add directory="..\..\..\addons\ofxOsc\libs\oscpack\src\ip" />
			<Add directory="..\..\..\addons\ofxTableGestures\src\Utils" />
			<Add directory="..\..\..\addons\ofxTableGestures\src\" />
			<Add directory="..\..\..\addons\ofxTableGestures\src\Simulator" />
			<Add directory="..\..\..\addons\ofxTableGestures\src\Core" />
			<Add directory="..\..\..\addons\ofxTableGestures\src\Feedback" />
			<Add directory="..\..\..\addons\ofxTableGestures\src\Gestures" />
			<Add directory="..\..\..\addons\ofxTableGestures\src\Gestures\Gestures" />
			<Add directory="..\..\..\addons\ofxTableGestures\src\Gestures\Gestures-Extras" />
			<Add directory="..\..\..\addons\ofxTableGestures\src\Gestures\tuio1.1" />
			<Add directory="..\..\..\addons\ofxTableGestures\src\Render" />
			<Add directory="..\..\..\addons\ofxOsc\src" />
			<Add directory="..\..\..\addons\ofxGlobalConfig\src" />
			<Add directory="..\..\..\addons\ofx2DFigures\src" />
			<Add directory="..\..\..\addons\ofxXmlSettings\src" />
			<Add directory="..\..\..\addons\ofxXmlSettings\libs" />
		</Compiler>
		<Linker>
			<Add library="..\..\..\libs\FreeImage\lib\win_cb\FreeImage.lib" />
			<Add library="..\..\..\libs\rtAudio\lib\win_cb\librtaudio.a" />
			<Add library="..\..\..\libs\quicktime\lib\win_cb\qtmlClient.lib" />
			<Add library="..\..\..\libs\cairo\lib\win_cb\libcairo.a" />
			<Add library="..\..\..\libs\cairo\lib\win_cb\libpixman-1.a" />
			<Add library="..\..\..\libs\freetype\lib\win_cb\libfreetype.a" />
			<Add library="..\..\..\libs\glut\lib\win_cb\libglut.a" />
			<Add library="..\..\..\libs\videoInput\lib\win_cb\videoInputLib.a" />
			<Add library="..\..\..\libs\fmodex\lib\win_cb\libfmodex.a" />
			<Add library="..\..\..\libs\glew\lib\win_cb\glew32s.lib" />
			<Add library="..\..\..\libs\glu\lib\win_cb\glu32.lib" />
			<Add library="..\..\..\libs\poco\lib\win_cb\libPocoNet.a" />
			<Add library="..\..\..\libs\poco\lib\win_cb\libPocoUtil.a" />
			<Add library="..\..\..\libs\poco\lib\win_cb\libPocoXML.a" />
			<Add library="..\..\..\libs\poco\lib\win_cb\libPocoFoundation.a" />
			<Add library="..\..\..\libs\tess2\lib\win_cb\libtess2.a" />
			<Add library="opengl32" />
			<Add library="gdi32" />
			<Add library="msimg32" />
			<Add library="glu32" />
			<Add library="dsound" />
			<Add library="winmm" />
			<Add library="dxguid" />
			<Add library="strmbase" />
			<Add library="strmiids" />
			<Add library="z" />
			<Add library="uuid" />
			<Add library="ole32" />
			<Add library="oleaut32" />
			<Add library="setupapi" />
			<Add library="wsock32" />
			<Add library="ws2_32" />
			<Add library="Iphlpapi" />
			<Add library="Comdlg32" />
		</Linker>
		<ExtraCommands>
			<Add after='xcopy /e /i /y &quot;$(PROJECT_DIR)..\..\..\export\win_cb\*.dll&quot;  &quot;$(PROJECT_DIR)bin&quot;' />
			<Add after='cmd /c if not exist &quot;$(PROJECT_DIR)bin/data&quot; mkdir &quot;$(PROJECT_DIR)bin/data&quot;' />
			<Mode after="always" />
		</ExtraCommands>
		<Unit filename="..\..\..\addons\ofx2DFigures\src\BoundingBox.cpp">
			<Option virtualFolder="addons\ofx2DFigures\src" />
		</Unit>
		<Unit filename="..\..\..\addons\ofx2DFigures\src\BoundingBox.h">
			<Option virtualFolder="addons\ofx2DFigures\src" />
		</Unit>
		<Unit filename="..\..\..\addons\ofx2DFigures\src\CollisionHelper.cpp">
			<Option virtualFolder="addons\ofx2DFigures\src" />
		</Unit>
		<Unit filename="..\..\..\addons\ofx2DFigures\src\CollisionHelper.h">
			<Option virtualFolder="addons\ofx2DFigures\src" />
		</Unit>
		<Unit filename="..\..\..\addons\ofx2DFigures\src\Figure.cpp">
			<Option virtualFolder="addons\ofx2DFigures\src" />
		</Unit>
		<Unit filename="..\..\..\addons\ofx2DFigures\src\Figure.h">
			<Option virtualFolder="addons\ofx2DFigures\src" />
		</Unit>
		<Unit filename="..\..\..\addons\ofx2DFigures\src\Matrix.h">
			<Option virtualFolder="addons\ofx2DFigures\src" />
		</Unit>
		<Unit filename="..\..\..\addons\ofx2DFigures\src\Polygon.cpp">
			<Option virtualFolder="addons\ofx2DFigures\src" />
		</Unit>
		<Unit filename="..\..\..\addons\ofx2DFigures\src\Polygon.h">
			<Option virtualFolder="addons\ofx2DFigures\src" />
		</Unit>
		<Unit filename="..\..\..\addons\ofx2DFigures\src\TestTriangulation.h">
			<Option virtualFolder="addons\ofx2DFigures\src" />
		</Unit>
		<Unit filename="..\..\..\addons\ofx2DFigures\src\Triangulate.cpp">
			<Option virtualFolder="addons\ofx2DFigures\src" />
		</Unit>
		<Unit filename="..\..\..\addons\ofx2DFigures\src\Triangulate.h">
			<Option virtualFolder="addons\ofx2DFigures\src" />
		</Unit>
		<Unit filename="..\..\..\addons\ofxGlobalConfig\src\GlobalConfigDetail.hpp">
			<Option virtualFolder="addons\ofxGlobalConfig\src" />
		</Unit>
		<Unit filename="..\..\..\addons\ofxGlobalConfig\src\ofxGlobalConfig.hpp">
			<Option virtualFolder="addons\ofxGlobalConfig\src" />
		</Unit>
		<Unit filename="..\..\..\addons\ofxOsc\libs\oscpack\src\ip\IpEndpointName.cpp">
			<Option virtualFolder="addons\ofxOsc\lib\oscpack\ip\" />
		</Unit>
		<Unit filename="..\..\..\addons\ofxOsc\libs\oscpack\src\ip\IpEndpointName.h">
			<Option virtualFolder="addons\ofxOsc\lib\oscpack\ip\" />
		</Unit>
		<Unit filename="..\..\..\addons\ofxOsc\libs\oscpack\src\ip\NetworkingUtils.h">
			<Option virtualFolder="addons\ofxOsc\lib\oscpack\ip\" />
		</Unit>
		<Unit filename="..\..\..\addons\ofxOsc\libs\oscpack\src\ip\PacketListener.h">
			<Option virtualFolder="addons\ofxOsc\lib\oscpack\ip\" />
		</Unit>
		<Unit filename="..\..\..\addons\ofxOsc\libs\oscpack\src\ip\TimerListener.h">
			<Option virtualFolder="addons\ofxOsc\lib\oscpack\ip\" />
		</Unit>
		<Unit filename="..\..\..\addons\ofxOsc\libs\oscpack\src\ip\UdpSocket.h">
			<Option virtualFolder="addons\ofxOsc\lib\oscpack\ip\" />
		</Unit>
		<Unit filename="..\..\..\addons\ofxOsc\libs\oscpack\src\ip\win32\NetworkingUtilsWin.cpp">
			<Option virtualFolder="addons\ofxOsc\lib\oscpack\ip\" />
		</Unit>
		<Unit filename="..\..\..\addons\ofxOsc\libs\oscpack\src\ip\win32\UdpSocketWin.cpp">
			<Option virtualFolder="addons\ofxOsc\lib\oscpack\ip\" />
		</Unit>
		<Unit filename="..\..\..\addons\ofxOsc\libs\oscpack\src\osc\MessageMappingOscPacketListener.h">
			<Option virtualFolder="addons\ofxOsc\lib\oscpack\osc\" />
		</Unit>
		<Unit filename="..\..\..\addons\ofxOsc\libs\oscpack\src\osc\OscException.h">
			<Option virtualFolder="addons\ofxOsc\lib\oscpack\osc\" />
		</Unit>
		<Unit filename="..\..\..\addons\ofxOsc\libs\oscpack\src\osc\OscHostEndianness.h">
			<Option virtualFolder="addons\ofxOsc\lib\oscpack\osc\" />
		</Unit>
		<Unit filename="..\..\..\addons\ofxOsc\libs\oscpack\src\osc\OscOutboundPacketStream.cpp">
			<Option virtualFolder="addons\ofxOsc\lib\oscpack\osc\" />
		</Unit>
		<Unit filename="..\..\..\addons\ofxOsc\libs\oscpack\src\osc\OscOutboundPacketStream.h">
			<Option virtualFolder="addons\ofxOsc\lib\oscpack\osc\" />
		</Unit>
		<Unit filename="..\..\..\addons\ofxOsc\libs\oscpack\src\osc\OscPacketListener.h">
			<Option virtualFolder="addons\ofxOsc\lib\oscpack\osc\" />
		</Unit>
		<Unit filename="..\..\..\addons\ofxOsc\libs\oscpack\src\osc\OscPrintReceivedElements.cpp">
			<Option virtualFolder="addons\ofxOsc\lib\oscpack\osc\" />
		</Unit>
		<Unit filename="..\..\..\addons\ofxOsc\libs\oscpack\src\osc\OscPrintReceivedElements.h">
			<Option virtualFolder="addons\ofxOsc\lib\oscpack\osc\" />
		</Unit>
		<Unit filename="..\..\..\addons\ofxOsc\libs\oscpack\src\osc\OscReceivedElements.cpp">
			<Option virtualFolder="addons\ofxOsc\lib\oscpack\osc\" />
		</Unit>
		<Unit filename="..\..\..\addons\ofxOsc\libs\oscpack\src\osc\OscReceivedElements.h">
			<Option virtualFolder="addons\ofxOsc\lib\oscpack\osc\" />
		</Unit>
		<Unit filename="..\..\..\addons\ofxOsc\libs\oscpack\src\osc\OscTypes.cpp">
			<Option virtualFolder="addons\ofxOsc\lib\oscpack\osc\" />
		</Unit>
		<Unit filename="..\..\..\addons\ofxOsc\libs\oscpack\src\osc\OscTypes.h">
			<Option virtualFolder="addons\ofxOsc\lib\oscpack\osc\" />
		</Unit>
		<Unit filename="..\..\..\addons\ofxOsc\src\ofxOsc.h">
			<Option virtualFolder="addons\ofxOsc\src" />
		</Unit>
		<Unit filename="..\..\..\addons\ofxOsc\src\ofxOscArg.h">
			<Option virtualFolder="addons\ofxOsc\src" />
		</Unit>
		<Unit filename="..\..\..\addons\ofxOsc\src\ofxOscBundle.cpp">
			<Option virtualFolder="addons\ofxOsc\src" />
		</Unit>
		<Unit filename="..\..\..\addons\ofxOsc\src\ofxOscBundle.h">
			<Option virtualFolder="addons\ofxOsc\src" />
		</Unit>
		<Unit filename="..\..\..\addons\ofxOsc\src\ofxOscMessage.cpp">
			<Option virtualFolder="addons\ofxOsc\src" />
		</Unit>
		<Unit filename="..\..\..\addons\ofxOsc\src\ofxOscMessage.h">
			<Option virtualFolder="addons\ofxOsc\src" />
		</Unit>
		<Unit filename="..\..\..\addons\ofxOsc\src\ofxOscReceiver.cpp">
			<Option virtualFolder="addons\ofxOsc\src" />
		</Unit>
		<Unit filename="..\..\..\addons\ofxOsc\src\ofxOscReceiver.h">
			<Option virtualFolder="addons\ofxOsc\src" />
		</Unit>
		<Unit filename="..\..\..\addons\ofxOsc\src\ofxOscSender.cpp">
			<Option virtualFolder="addons\ofxOsc\src" />
		</Unit>
		<Unit filename="..\..\..\addons\ofxOsc\src\ofxOscSender.h">
			<Option virtualFolder="addons\ofxOsc\src" />
		</Unit>
		<Unit filename="..\..\..\addons\ofxTableGestures\src\Core\EventClient.hpp">
			<Option virtualFolder="addons\ofxTableGestures\src\Core" />
		</Unit>
		<Unit filename="..\..\..\addons\ofxTableGestures\src\Core\FigureGraphic.hpp">
			<Option virtualFolder="addons\ofxTableGestures\src\Core" />
		</Unit>
		<Unit filename="..\..\..\addons\ofxTableGestures\src\Core\Graphic.cpp">
			<Option virtualFolder="addons\ofxTableGestures\src\Core" />
		</Unit>
		<Unit filename="..\..\..\addons\ofxTableGestures\src\Core\Graphic.hpp">
			<Option virtualFolder="addons\ofxTableGestures\src\Core" />
		</Unit>
		<Unit filename="..\..\..\addons\ofxTableGestures\src\Core\GraphicDispatcher.cpp">
			<Option virtualFolder="addons\ofxTableGestures\src\Core" />
		</Unit>
		<Unit filename="..\..\..\addons\ofxTableGestures\src\Core\GraphicDispatcher.hpp">
			<Option virtualFolder="addons\ofxTableGestures\src\Core" />
		</Unit>
		<Unit filename="..\..\..\addons\ofxTableGestures\src\Core\TableApp.cpp">
			<Option virtualFolder="addons\ofxTableGestures\src\Core" />
		</Unit>
		<Unit filename="..\..\..\addons\ofxTableGestures\src\Core\TableApp.hpp">
			<Option virtualFolder="addons\ofxTableGestures\src\Core" />
		</Unit>
		<Unit filename="..\..\..\addons\ofxTableGestures\src\Feedback\CursorFeedback.cpp">
			<Option virtualFolder="addons\ofxTableGestures\src\Feedback" />
		</Unit>
		<Unit filename="..\..\..\addons\ofxTableGestures\src\Feedback\CursorFeedback.hpp">
			<Option virtualFolder="addons\ofxTableGestures\src\Feedback" />
		</Unit>
		<Unit filename="..\..\..\addons\ofxTableGestures\src\Feedback\FigureFeedback.cpp">
			<Option virtualFolder="addons\ofxTableGestures\src\Feedback" />
		</Unit>
		<Unit filename="..\..\..\addons\ofxTableGestures\src\Feedback\FigureFeedback.hpp">
			<Option virtualFolder="addons\ofxTableGestures\src\Feedback" />
		</Unit>
		<Unit filename="..\..\..\addons\ofxTableGestures\src\Feedback\HandFeedback.hpp">
			<Option virtualFolder="addons\ofxTableGestures\src\Feedback" />
		</Unit>
		<Unit filename="..\..\..\addons\ofxTableGestures\src\Feedback\LongPushFeedback.hpp">
			<Option virtualFolder="addons\ofxTableGestures\src\Feedback" />
		</Unit>
		<Unit filename="..\..\..\addons\ofxTableGestures\src\Feedback\TapFeedback.hpp">
			<Option virtualFolder="addons\ofxTableGestures\src\Feedback" />
		</Unit>
		<Unit filename="..\..\..\addons\ofxTableGestures\src\Gestures\DirectPoint.hpp">
			<Option virtualFolder="addons\ofxTableGestures\src\Gestures" />
		</Unit>
		<Unit filename="..\..\..\addons\ofxTableGestures\src\Gestures\Events.hpp">
			<Option virtualFolder="addons\ofxTableGestures\src\Gestures" />
		</Unit>
		<Unit filename="..\..\..\addons\ofxTableGestures\src\Gestures\Gestures-Extras\InputGestureHand.cpp">
			<Option virtualFolder="addons\ofxTableGestures\src\Gestures\Gestures-Extras" />
		</Unit>
		<Unit filename="..\..\..\addons\ofxTableGestures\src\Gestures\Gestures-Extras\InputGestureHand.hpp">
			<Option virtualFolder="addons\ofxTableGestures\src\Gestures\Gestures-Extras" />
		</Unit>
		<Unit filename="..\..\..\addons\ofxTableGestures\src\Gestures\Gestures-Extras\InputGestureLongPush.hpp">
			<Option virtualFolder="addons\ofxTableGestures\src\Gestures\Gestures-Extras" />
		</Unit>
		<Unit filename="..\..\..\addons\ofxTableGestures\src\Gestures\Gestures-Extras\InputGestureTap.hpp">
			<Option virtualFolder="addons\ofxTableGestures\src\Gestures\Gestures-Extras" />
		</Unit>
		<Unit filename="..\..\..\addons\ofxTableGestures\src\Gestures\Gestures\InputGestureBasicFingers.cpp">
			<Option virtualFolder="addons\ofxTableGestures\src\Gestures\Gestures" />
		</Unit>
		<Unit filename="..\..\..\addons\ofxTableGestures\src\Gestures\Gestures\InputGestureBasicFingers.hpp">
			<Option virtualFolder="addons\ofxTableGestures\src\Gestures\Gestures" />
		</Unit>
		<Unit filename="..\..\..\addons\ofxTableGestures\src\Gestures\Gestures\InputGestureBasicObjects.cpp">
			<Option virtualFolder="addons\ofxTableGestures\src\Gestures\Gestures" />
		</Unit>
		<Unit filename="..\..\..\addons\ofxTableGestures\src\Gestures\Gestures\InputGestureBasicObjects.hpp">
			<Option virtualFolder="addons\ofxTableGestures\src\Gestures\Gestures" />
		</Unit>
		<Unit filename="..\..\..\addons\ofxTableGestures\src\Gestures\Gestures\InputGestureDirectFingers.cpp">
			<Option virtualFolder="addons\ofxTableGestures\src\Gestures\Gestures" />
		</Unit>
		<Unit filename="..\..\..\addons\ofxTableGestures\src\Gestures\Gestures\InputGestureDirectFingers.hpp">
			<Option virtualFolder="addons\ofxTableGestures\src\Gestures\Gestures" />
		</Unit>
		<Unit filename="..\..\..\addons\ofxTableGestures\src\Gestures\Gestures\InputGestureDirectObjects.cpp">
			<Option virtualFolder="addons\ofxTableGestures\src\Gestures\Gestures" />
		</Unit>
		<Unit filename="..\..\..\addons\ofxTableGestures\src\Gestures\Gestures\InputGestureDirectObjects.hpp">
			<Option virtualFolder="addons\ofxTableGestures\src\Gestures\Gestures" />
		</Unit>
		<Unit filename="..\..\..\addons\ofxTableGestures\src\Gestures\Gestures\InputGestureTuio1.1.hpp">
			<Option virtualFolder="addons\ofxTableGestures\src\Gestures\Gestures" />
		</Unit>
		<Unit filename="..\..\..\addons\ofxTableGestures\src\Gestures\tuio1.1\InputGestureOsc.hpp">
			<Option virtualFolder="addons\ofxTableGestures\src\Gestures\tuio1.1" />
		</Unit>
		<Unit filename="..\..\..\addons\ofxTableGestures\src\Gestures\tuio1.1\InputGestureTuio1.12.5D.cpp">
			<Option virtualFolder="addons\ofxTableGestures\src\Gestures\tuio1.1" />
		</Unit>
		<Unit filename="..\..\..\addons\ofxTableGestures\src\Gestures\tuio1.1\InputGestureTuio1.12.5D.hpp">
			<Option virtualFolder="addons\ofxTableGestures\src\Gestures\tuio1.1" />
		</Unit>
		<Unit filename="..\..\..\addons\ofxTableGestures\src\Gestures\tuio1.1\InputGestureTuio1.12D.cpp">
			<Option virtualFolder="addons\ofxTableGestures\src\Gestures\tuio1.1" />
		</Unit>
		<Unit filename="..\..\..\addons\ofxTableGestures\src\Gestures\tuio1.1\InputGestureTuio1.12D.hpp">
			<Option virtualFolder="addons\ofxTableGestures\src\Gestures\tuio1.1" />
		</Unit>
		<Unit filename="..\..\..\addons\ofxTableGestures\src\Gestures\tuio1.1\InputGestureTuio1.13D.cpp">
			<Option virtualFolder="addons\ofxTableGestures\src\Gestures\tuio1.1" />
		</Unit>
		<Unit filename="..\..\..\addons\ofxTableGestures\src\Gestures\tuio1.1\InputGestureTuio1.13D.hpp">
			<Option virtualFolder="addons\ofxTableGestures\src\Gestures\tuio1.1" />
		</Unit>
		<Unit filename="..\..\..\addons\ofxTableGestures\src\Render\Grid.cpp">
			<Option virtualFolder="addons\ofxTableGestures\src\Render" />
		</Unit>
		<Unit filename="..\..\..\addons\ofxTableGestures\src\Render\Grid.hpp">
			<Option virtualFolder="addons\ofxTableGestures\src\Render" />
		</Unit>
		<Unit filename="..\..\..\addons\ofxTableGestures\src\Render\Renderer.cpp">
			<Option virtualFolder="addons\ofxTableGestures\src\Render" />
		</Unit>
		<Unit filename="..\..\..\addons\ofxTableGestures\src\Render\Renderer.hpp">
			<Option virtualFolder="addons\ofxTableGestures\src\Render" />
		</Unit>
		<Unit filename="..\..\..\addons\ofxTableGestures\src\Render\Renderer_plane.cpp">
			<Option virtualFolder="addons\ofxTableGestures\src\Render" />
		</Unit>
		<Unit filename="..\..\..\addons\ofxTableGestures\src\Render\Renderer_plane.hpp">
			<Option virtualFolder="addons\ofxTableGestures\src\Render" />
		</Unit>
		<Unit filename="..\..\..\addons\ofxTableGestures\src\Render\Renderer_to_texture.cpp">
			<Option virtualFolder="addons\ofxTableGestures\src\Render" />
		</Unit>
		<Unit filename="..\..\..\addons\ofxTableGestures\src\Render\Renderer_to_texture.hpp">
			<Option virtualFolder="addons\ofxTableGestures\src\Render" />
		</Unit>
		<Unit filename="..\..\..\addons\ofxTableGestures\src\Simulator\Shapes.cpp">
			<Option virtualFolder="addons\ofxTableGestures\src\Simulator" />
		</Unit>
		<Unit filename="..\..\..\addons\ofxTableGestures\src\Simulator\Shapes.hpp">
			<Option virtualFolder="addons\ofxTableGestures\src\Simulator" />
		</Unit>
		<Unit filename="..\..\..\addons\ofxTableGestures\src\Simulator\Simulator.cpp">
			<Option virtualFolder="addons\ofxTableGestures\src\Simulator" />
		</Unit>
		<Unit filename="..\..\..\addons\ofxTableGestures\src\Simulator\Simulator.hpp">
			<Option virtualFolder="addons\ofxTableGestures\src\Simulator" />
		</Unit>
		<Unit filename="..\..\..\addons\ofxTableGestures\src\Simulator\container.cpp">
			<Option virtualFolder="addons\ofxTableGestures\src\Simulator" />
		</Unit>
		<Unit filename="..\..\..\addons\ofxTableGestures\src\Simulator\container.hpp">
			<Option virtualFolder="addons\ofxTableGestures\src\Simulator" />
		</Unit>
		<Unit filename="..\..\..\addons\ofxTableGestures\src\Utils\Alarm.hpp">
			<Option virtualFolder="addons\ofxTableGestures\src\Utils" />
		</Unit>
		<Unit filename="..\..\..\addons\ofxTableGestures\src\Utils\OscTools.hpp">
			<Option virtualFolder="addons\ofxTableGestures\src\Utils" />
		</Unit>
		<Unit filename="..\..\..\addons\ofxTableGestures\src\Utils\Singleton.hpp">
			<Option virtualFolder="addons\ofxTableGestures\src\Utils" />
		</Unit>
		<Unit filename="..\..\..\addons\ofxXmlSettings\libs\tinyxml.cpp">
			<Option virtualFolder="addons\ofxXmlSettings\lib\" />
		</Unit>
		<Unit filename="..\..\..\addons\ofxXmlSettings\libs\tinyxml.h">
			<Option virtualFolder="addons\ofxXmlSettings\lib\" />
		</Unit>
		<Unit filename="..\..\..\addons\ofxXmlSettings\libs\tinyxmlerror.cpp">
			<Option virtualFolder="addons\ofxXmlSettings\lib\" />
		</Unit>
		<Unit filename="..\..\..\addons\ofxXmlSettings\libs\tinyxmlparser.cpp">
			<Option virtualFolder="addons\ofxXmlSettings\lib\" />
		</Unit>
		<Unit filename="..\..\..\addons\ofxXmlSettings\src\ofxXmlSettings.cpp">
			<Option virtualFolder="addons\ofxXmlSettings\src" />
		</Unit>
		<Unit filename="..\..\..\addons\ofxXmlSettings\src\ofxXmlSettings.h">
			<Option virtualFolder="addons\ofxXmlSettings\src" />
		</Unit>
		<Unit filename="bin\data\GlobalConfig.xml">
			<Option virtualFolder="conf\" />
		</Unit>
		<Unit filename="config.make">
			<Option virtualFolder="build config" />
		</Unit>
		<Unit filename="src\dispatcher.cpp">
			<Option virtualFolder="src" />
		</Unit>
		<Unit filename="src\dispatcher.hpp">
			<Option virtualFolder="src" />
		</Unit>
		<Unit filename="src\main.cpp">
			<Option virtualFolder="src\" />
		</Unit>
		<Unit filename="src\oscReporter.hpp">
			<Option virtualFolder="src" />
		</Unit>
		<Unit filename="src\osc_common_draw.hpp">
			<Option virtualFolder="src\" />
		</Unit>
		<Unit filename="src\osc_distances.hpp">
			<Option virtualFolder="src\" />
		</Unit>
		<Unit filename="src\osc_fingers.hpp">
			<Option virtualFolder="src\" />
		</Unit>
		<Unit filename="src\osc_general.cpp">
			<Option virtualFolder="src\" />
		</Unit>
		<Unit filename="src\osc_general.hpp">
			<Option virtualFolder="src\" />
		</Unit>
		<Unit filename="src\osc_polygon.hpp">
			<Option virtualFolder="src\" />
		</Unit>
		<Unit filename="src\osc_text.hpp">
			<Option virtualFolder="src\" />
		</Unit>
		<Unit filename="src\simpleAllObjects.hpp">
			<Option virtualFolder="src" />
		</Unit>
		<Unit filename="src\testApp.cpp">
			<Option virtualFolder="src\" />
		</Unit>
		<Unit filename="src\testApp.h">
			<Option virtualFolder="src\" />
		</Unit>
		<Extensions>
			<code_completion />
			<debugger />
			<envvars />
		</Extensions>
	</Project>
</CodeBlocks_project_file>
