// !$*UTF8*$!
{
	archiveVersion = 1;
	classes = {
	};
	objectVersion = 46;
	objects = {

/* Begin PBXBuildFile section */
		0546D1A38E13BD319CC9755B /* OscReceivedElements.cpp in Sources */ = {isa = PBXBuildFile; fileRef = 9BF3AA0D4FAA89D0F8A0E545 /* OscReceivedElements.cpp */; };
		126CA6E983CCA43AB925B629 /* Grid.cpp in Sources */ = {isa = PBXBuildFile; fileRef = E18F83BEBFB437E8CD95AEEC /* Grid.cpp */; };
		159BD30F49FD4EE736C2CBA8 /* BoundingBox.cpp in Sources */ = {isa = PBXBuildFile; fileRef = 39F0AA490AA542B908B69481 /* BoundingBox.cpp */; };
		15D5705AAA6229C82A0A8907 /* Polygon.cpp in Sources */ = {isa = PBXBuildFile; fileRef = C66EDDB2F25E7E251E930FFF /* Polygon.cpp */; };
		1CFE669F69FE0A1162755BF6 /* Graphic.cpp in Sources */ = {isa = PBXBuildFile; fileRef = A32328FA036BA733F924C0E1 /* Graphic.cpp */; };
		28090DEB5109115003E8F1C5 /* UdpSocketWin.cpp in Sources */ = {isa = PBXBuildFile; fileRef = 5928AA323F5C2690B06C837D /* UdpSocketWin.cpp */; };
		2C94348B3606F2B01C9F2E69 /* Simulator.cpp in Sources */ = {isa = PBXBuildFile; fileRef = BF750ABAF3178C5BC6A8C233 /* Simulator.cpp */; };
		3C9E8F6D5A107A2CE1F7F0C3 /* Renderer.cpp in Sources */ = {isa = PBXBuildFile; fileRef = D4AA5936821E0FA89447F332 /* Renderer.cpp */; };
		3D0DF2F309333ED4EDCFF162 /* InputGestureDirectObjects.cpp in Sources */ = {isa = PBXBuildFile; fileRef = 0108916C6862A60132AD5AF5 /* InputGestureDirectObjects.cpp */; };
		417FB61DAA2B1DD2218C556F /* InputGestureDirectFingers.cpp in Sources */ = {isa = PBXBuildFile; fileRef = D0F50887B2DFBDC1AC272DAA /* InputGestureDirectFingers.cpp */; };
		440B3CD0E68713E6ABEBC099 /* InputGestureTuio1.12.5D.cpp in Sources */ = {isa = PBXBuildFile; fileRef = 22F13528FB7F2A76A5FA61F9 /* InputGestureTuio1.12.5D.cpp */; };
		4ADB88E2FB52E76A471065DE /* ofxOscParameterSync.cpp in Sources */ = {isa = PBXBuildFile; fileRef = 0AED834CE4DEC5260AF302A2 /* ofxOscParameterSync.cpp */; };
		510CAFE035E576A4E1502D52 /* UdpSocket.cpp in Sources */ = {isa = PBXBuildFile; fileRef = E6DEF695B88BA5FAACEAA937 /* UdpSocket.cpp */; };
		5864AD82E20F15536D054EA3 /* ofxOscMessage.cpp in Sources */ = {isa = PBXBuildFile; fileRef = DF49D76C45D5DB505A234880 /* ofxOscMessage.cpp */; };
		5A4349E9754D6FA14C0F2A3A /* tinyxmlparser.cpp in Sources */ = {isa = PBXBuildFile; fileRef = FC5DA1C87211D4F6377DA719 /* tinyxmlparser.cpp */; };
		60FFF1312C8E43A42AEC3B9F /* Figure.cpp in Sources */ = {isa = PBXBuildFile; fileRef = 19F66F02A7B1707D72AC612C /* Figure.cpp */; };
		62545D179C94265CA1389D4A /* OscOutboundPacketStream.cpp in Sources */ = {isa = PBXBuildFile; fileRef = 63A47AC60FFAFC3BF093EC0F /* OscOutboundPacketStream.cpp */; };
		63B57AC5BF4EF088491E0317 /* ofxXmlSettings.cpp in Sources */ = {isa = PBXBuildFile; fileRef = 50DF87D612C5AAE17AAFA6C0 /* ofxXmlSettings.cpp */; };
		640279EE111671BD026CB013 /* ofxOscReceiver.cpp in Sources */ = {isa = PBXBuildFile; fileRef = C2FAC65C491D4231379F3298 /* ofxOscReceiver.cpp */; };
		6567F33D183FA8D3008B8B2E /* dispatcher.cpp in Sources */ = {isa = PBXBuildFile; fileRef = 6567F332183FA8D3008B8B2E /* dispatcher.cpp */; };
		6567F33E183FA8D3008B8B2E /* osc_general.cpp in Sources */ = {isa = PBXBuildFile; fileRef = 6567F337183FA8D3008B8B2E /* osc_general.cpp */; };
		67FE4C7B15C2F0478C8126C2 /* NetworkingUtils.cpp in Sources */ = {isa = PBXBuildFile; fileRef = 3B361208CD4107E479F04E7B /* NetworkingUtils.cpp */; };
		7273D0E2B6812DF0D3615EB7 /* CollisionHelper.cpp in Sources */ = {isa = PBXBuildFile; fileRef = 516C7003B2C21A90CD8A26E2 /* CollisionHelper.cpp */; };
		72A929D3561B8232A182ABFC /* ofxOscBundle.cpp in Sources */ = {isa = PBXBuildFile; fileRef = 65EEFA3DA3526E9CDD9C21F9 /* ofxOscBundle.cpp */; };
		747CDFD75B4FD9BC2E4CA5B7 /* CursorFeedback.cpp in Sources */ = {isa = PBXBuildFile; fileRef = 0E88219AB749672649F4348E /* CursorFeedback.cpp */; };
		8450F917088E016221BFCA15 /* InputGestureTuio1.13D.cpp in Sources */ = {isa = PBXBuildFile; fileRef = 23D3490FFD4F52374BB762A7 /* InputGestureTuio1.13D.cpp */; };
		869FD5546F8C30C60A30AB43 /* Shapes.cpp in Sources */ = {isa = PBXBuildFile; fileRef = B4D0948CD2C2DF3600975297 /* Shapes.cpp */; };
		87978A351C12B1676C9FDE60 /* GraphicDispatcher.cpp in Sources */ = {isa = PBXBuildFile; fileRef = 44D7089802B01674AA4DEFA9 /* GraphicDispatcher.cpp */; };
		879A251454401BC0B6E4F238 /* OscTypes.cpp in Sources */ = {isa = PBXBuildFile; fileRef = D9BFFBBF4CC43DEE890B3C3E /* OscTypes.cpp */; };
		8F5205AEF8861EF234F0651A /* ofxOscSender.cpp in Sources */ = {isa = PBXBuildFile; fileRef = 81967292BFC87A0144BD32C6 /* ofxOscSender.cpp */; };
		933A2227713C720CEFF80FD9 /* tinyxml.cpp in Sources */ = {isa = PBXBuildFile; fileRef = 2B40EDA85BEB63E46785BC29 /* tinyxml.cpp */; };
		9A7CEE40B7B0F187058630D1 /* Triangulate.cpp in Sources */ = {isa = PBXBuildFile; fileRef = 4A86987A4A530DF9A7614732 /* Triangulate.cpp */; };
		9D362AAB25E3E34F0E1F1ED8 /* Renderer_plane.cpp in Sources */ = {isa = PBXBuildFile; fileRef = F6B285D45A468A8E0EF2E8C1 /* Renderer_plane.cpp */; };
		9D44DC88EF9E7991B4A09951 /* tinyxmlerror.cpp in Sources */ = {isa = PBXBuildFile; fileRef = 832BDC407620CDBA568B713D /* tinyxmlerror.cpp */; };
		A29D8C96AE042ECEAA1BD4F3 /* NetworkingUtilsWin.cpp in Sources */ = {isa = PBXBuildFile; fileRef = 2A5B1FAD3F30C8065C396ACB /* NetworkingUtilsWin.cpp */; };
		A4C32C6B309DA9A9245C31F9 /* container.cpp in Sources */ = {isa = PBXBuildFile; fileRef = D66B0538A9B30C2024C0F038 /* container.cpp */; };
		ADE367465D2A8EBAD4C7A8D9 /* IpEndpointName.cpp in Sources */ = {isa = PBXBuildFile; fileRef = ADD194746185E2DA11468377 /* IpEndpointName.cpp */; };
		BBAB23CB13894F3D00AA2426 /* GLUT.framework in CopyFiles */ = {isa = PBXBuildFile; fileRef = BBAB23BE13894E4700AA2426 /* GLUT.framework */; };
		BDFF77F87E6FA9941F7897BD /* FigureFeedback.cpp in Sources */ = {isa = PBXBuildFile; fileRef = EF5C22034B0EC23A3DE5D6B7 /* FigureFeedback.cpp */; };
		C4782ECC372420ACE0615B74 /* OscPrintReceivedElements.cpp in Sources */ = {isa = PBXBuildFile; fileRef = BC8881B3C8C0A1C45F042E7A /* OscPrintReceivedElements.cpp */; };
		C50AD4E9686C55B9EED84B1B /* InputGestureBasicObjects.cpp in Sources */ = {isa = PBXBuildFile; fileRef = 78DCE1762BCE6B4BC2EF37D2 /* InputGestureBasicObjects.cpp */; };
		C63C099FF30954289EFF2BE6 /* TableApp.cpp in Sources */ = {isa = PBXBuildFile; fileRef = A97DF505F2CB4A32E1635164 /* TableApp.cpp */; };
		C940DDF83B40734D3609B976 /* InputGestureTuio1.12D.cpp in Sources */ = {isa = PBXBuildFile; fileRef = 6FAFBA9AC6937404D6AB9725 /* InputGestureTuio1.12D.cpp */; };
		D51FB91DD6E12AA6AA3D7CC8 /* Renderer_to_texture.cpp in Sources */ = {isa = PBXBuildFile; fileRef = B800A9F1B143B5E460647E56 /* Renderer_to_texture.cpp */; };
		DA2ABD165C5B66A7C2B600D0 /* InputGestureBasicFingers.cpp in Sources */ = {isa = PBXBuildFile; fileRef = EEDB66BDEBB52AC6FE812699 /* InputGestureBasicFingers.cpp */; };
		E3C0E57B6CA6381BA59C4864 /* InputGestureHand.cpp in Sources */ = {isa = PBXBuildFile; fileRef = 86BCE4EBD0843BE215FB2D48 /* InputGestureHand.cpp */; };
		E4328149138ABC9F0047C5CB /* openFrameworksDebug.a in Frameworks */ = {isa = PBXBuildFile; fileRef = E4328148138ABC890047C5CB /* openFrameworksDebug.a */; };
		E45BE97B0E8CC7DD009D7055 /* AGL.framework in Frameworks */ = {isa = PBXBuildFile; fileRef = E45BE9710E8CC7DD009D7055 /* AGL.framework */; };
		E45BE97C0E8CC7DD009D7055 /* ApplicationServices.framework in Frameworks */ = {isa = PBXBuildFile; fileRef = E45BE9720E8CC7DD009D7055 /* ApplicationServices.framework */; };
		E45BE97D0E8CC7DD009D7055 /* AudioToolbox.framework in Frameworks */ = {isa = PBXBuildFile; fileRef = E45BE9730E8CC7DD009D7055 /* AudioToolbox.framework */; };
		E45BE97E0E8CC7DD009D7055 /* Carbon.framework in Frameworks */ = {isa = PBXBuildFile; fileRef = E45BE9740E8CC7DD009D7055 /* Carbon.framework */; };
		E45BE97F0E8CC7DD009D7055 /* CoreAudio.framework in Frameworks */ = {isa = PBXBuildFile; fileRef = E45BE9750E8CC7DD009D7055 /* CoreAudio.framework */; };
		E45BE9800E8CC7DD009D7055 /* CoreFoundation.framework in Frameworks */ = {isa = PBXBuildFile; fileRef = E45BE9760E8CC7DD009D7055 /* CoreFoundation.framework */; };
		E45BE9810E8CC7DD009D7055 /* CoreServices.framework in Frameworks */ = {isa = PBXBuildFile; fileRef = E45BE9770E8CC7DD009D7055 /* CoreServices.framework */; };
		E45BE9830E8CC7DD009D7055 /* OpenGL.framework in Frameworks */ = {isa = PBXBuildFile; fileRef = E45BE9790E8CC7DD009D7055 /* OpenGL.framework */; };
		E45BE9840E8CC7DD009D7055 /* QuickTime.framework in Frameworks */ = {isa = PBXBuildFile; fileRef = E45BE97A0E8CC7DD009D7055 /* QuickTime.framework */; };
		E4B69E200A3A1BDC003C02F2 /* main.cpp in Sources */ = {isa = PBXBuildFile; fileRef = E4B69E1D0A3A1BDC003C02F2 /* main.cpp */; };
		E4B69E210A3A1BDC003C02F2 /* testApp.cpp in Sources */ = {isa = PBXBuildFile; fileRef = E4B69E1E0A3A1BDC003C02F2 /* testApp.cpp */; };
		E4C2424710CC5A17004149E2 /* AppKit.framework in Frameworks */ = {isa = PBXBuildFile; fileRef = E4C2424410CC5A17004149E2 /* AppKit.framework */; };
		E4C2424810CC5A17004149E2 /* Cocoa.framework in Frameworks */ = {isa = PBXBuildFile; fileRef = E4C2424510CC5A17004149E2 /* Cocoa.framework */; };
		E4C2424910CC5A17004149E2 /* IOKit.framework in Frameworks */ = {isa = PBXBuildFile; fileRef = E4C2424610CC5A17004149E2 /* IOKit.framework */; };
		E4EB6799138ADC1D00A09F29 /* GLUT.framework in Frameworks */ = {isa = PBXBuildFile; fileRef = BBAB23BE13894E4700AA2426 /* GLUT.framework */; };
		E7E077E515D3B63C0020DFD4 /* CoreVideo.framework in Frameworks */ = {isa = PBXBuildFile; fileRef = E7E077E415D3B63C0020DFD4 /* CoreVideo.framework */; };
		E7E077E815D3B6510020DFD4 /* QTKit.framework in Frameworks */ = {isa = PBXBuildFile; fileRef = E7E077E715D3B6510020DFD4 /* QTKit.framework */; };
		E7F985F815E0DEA3003869B5 /* Accelerate.framework in Frameworks */ = {isa = PBXBuildFile; fileRef = E7F985F515E0DE99003869B5 /* Accelerate.framework */; };
/* End PBXBuildFile section */

/* Begin PBXContainerItemProxy section */
		E4328147138ABC890047C5CB /* PBXContainerItemProxy */ = {
			isa = PBXContainerItemProxy;
			containerPortal = E4328143138ABC890047C5CB /* openFrameworksLib.xcodeproj */;
			proxyType = 2;
			remoteGlobalIDString = E4B27C1510CBEB8E00536013;
			remoteInfo = openFrameworks;
		};
		E4EEB9AB138B136A00A80321 /* PBXContainerItemProxy */ = {
			isa = PBXContainerItemProxy;
			containerPortal = E4328143138ABC890047C5CB /* openFrameworksLib.xcodeproj */;
			proxyType = 1;
			remoteGlobalIDString = E4B27C1410CBEB8E00536013;
			remoteInfo = openFrameworks;
		};
/* End PBXContainerItemProxy section */

/* Begin PBXCopyFilesBuildPhase section */
		E4C2427710CC5ABF004149E2 /* CopyFiles */ = {
			isa = PBXCopyFilesBuildPhase;
			buildActionMask = 2147483647;
			dstPath = "";
			dstSubfolderSpec = 10;
			files = (
				BBAB23CB13894F3D00AA2426 /* GLUT.framework in CopyFiles */,
			);
			runOnlyForDeploymentPostprocessing = 0;
		};
/* End PBXCopyFilesBuildPhase section */

/* Begin PBXFileReference section */
		00D6D32B84B099226431108C /* ofxOsc.h */ = {isa = PBXFileReference; explicitFileType = sourcecode.c.h; fileEncoding = 30; name = ofxOsc.h; path = ../../../addons/ofxOsc/src/ofxOsc.h; sourceTree = SOURCE_ROOT; };
		0108916C6862A60132AD5AF5 /* InputGestureDirectObjects.cpp */ = {isa = PBXFileReference; explicitFileType = sourcecode.cpp.cpp; fileEncoding = 30; name = InputGestureDirectObjects.cpp; path = ../../../addons/ofxTableGestures/src/Gestures/Gestures/InputGestureDirectObjects.cpp; sourceTree = SOURCE_ROOT; };
		01DCC0911400F9ACF5B65578 /* ofxXmlSettings.h */ = {isa = PBXFileReference; explicitFileType = sourcecode.c.h; fileEncoding = 30; name = ofxXmlSettings.h; path = ../../../addons/ofxXmlSettings/src/ofxXmlSettings.h; sourceTree = SOURCE_ROOT; };
		029684CF678F70F6D3537A29 /* OscOutboundPacketStream.h */ = {isa = PBXFileReference; explicitFileType = sourcecode.c.h; fileEncoding = 30; name = OscOutboundPacketStream.h; path = ../../../addons/ofxOsc/libs/oscpack/src/osc/OscOutboundPacketStream.h; sourceTree = SOURCE_ROOT; };
		0672E09229A05BA431281240 /* LongPushFeedback.hpp */ = {isa = PBXFileReference; explicitFileType = sourcecode.c.h; fileEncoding = 30; name = LongPushFeedback.hpp; path = ../../../addons/ofxTableGestures/src/Feedback/LongPushFeedback.hpp; sourceTree = SOURCE_ROOT; };
		06C12E34FEB83FF4EA5FB5B9 /* FigureFeedback.hpp */ = {isa = PBXFileReference; explicitFileType = sourcecode.c.h; fileEncoding = 30; name = FigureFeedback.hpp; path = ../../../addons/ofxTableGestures/src/Feedback/FigureFeedback.hpp; sourceTree = SOURCE_ROOT; };
		0ADCFBE42423A192AFA7C223 /* ofxGlobalConfig.hpp */ = {isa = PBXFileReference; explicitFileType = sourcecode.c.h; fileEncoding = 30; name = ofxGlobalConfig.hpp; path = ../../../addons/ofxGlobalConfig/src/ofxGlobalConfig.hpp; sourceTree = SOURCE_ROOT; };
		0AED834CE4DEC5260AF302A2 /* ofxOscParameterSync.cpp */ = {isa = PBXFileReference; explicitFileType = sourcecode.cpp.cpp; fileEncoding = 30; name = ofxOscParameterSync.cpp; path = ../../../addons/ofxOsc/src/ofxOscParameterSync.cpp; sourceTree = SOURCE_ROOT; };
		0E88219AB749672649F4348E /* CursorFeedback.cpp */ = {isa = PBXFileReference; explicitFileType = sourcecode.cpp.cpp; fileEncoding = 30; name = CursorFeedback.cpp; path = ../../../addons/ofxTableGestures/src/Feedback/CursorFeedback.cpp; sourceTree = SOURCE_ROOT; };
		126FD865856EFAEDEF3A9A0A /* InputGestureTuio1.12D.hpp */ = {isa = PBXFileReference; explicitFileType = sourcecode.c.h; fileEncoding = 30; name = InputGestureTuio1.12D.hpp; path = ../../../addons/ofxTableGestures/src/Gestures/tuio1.1/InputGestureTuio1.12D.hpp; sourceTree = SOURCE_ROOT; };
		15FAFFE95CA5518F4CBD9C05 /* InputGestureTuio1.12.5D.hpp */ = {isa = PBXFileReference; explicitFileType = sourcecode.c.h; fileEncoding = 30; name = InputGestureTuio1.12.5D.hpp; path = ../../../addons/ofxTableGestures/src/Gestures/tuio1.1/InputGestureTuio1.12.5D.hpp; sourceTree = SOURCE_ROOT; };
		19F66F02A7B1707D72AC612C /* Figure.cpp */ = {isa = PBXFileReference; explicitFileType = sourcecode.cpp.cpp; fileEncoding = 30; name = Figure.cpp; path = ../../../addons/ofx2DFigures/src/Figure.cpp; sourceTree = SOURCE_ROOT; };
		1B4B5B93110F7F98EBB31222 /* TestTriangulation.h */ = {isa = PBXFileReference; explicitFileType = sourcecode.c.h; fileEncoding = 30; name = TestTriangulation.h; path = ../../../addons/ofx2DFigures/src/TestTriangulation.h; sourceTree = SOURCE_ROOT; };
		20F35AFADAF0068B067E713F /* OscReceivedElements.h */ = {isa = PBXFileReference; explicitFileType = sourcecode.c.h; fileEncoding = 30; name = OscReceivedElements.h; path = ../../../addons/ofxOsc/libs/oscpack/src/osc/OscReceivedElements.h; sourceTree = SOURCE_ROOT; };
		22F13528FB7F2A76A5FA61F9 /* InputGestureTuio1.12.5D.cpp */ = {isa = PBXFileReference; explicitFileType = sourcecode.cpp.cpp; fileEncoding = 30; name = InputGestureTuio1.12.5D.cpp; path = ../../../addons/ofxTableGestures/src/Gestures/tuio1.1/InputGestureTuio1.12.5D.cpp; sourceTree = SOURCE_ROOT; };
		23640F57DF6C4BB6BFC5DA4C /* PacketListener.h */ = {isa = PBXFileReference; explicitFileType = sourcecode.c.h; fileEncoding = 30; name = PacketListener.h; path = ../../../addons/ofxOsc/libs/oscpack/src/ip/PacketListener.h; sourceTree = SOURCE_ROOT; };
		23D3490FFD4F52374BB762A7 /* InputGestureTuio1.13D.cpp */ = {isa = PBXFileReference; explicitFileType = sourcecode.cpp.cpp; fileEncoding = 30; name = InputGestureTuio1.13D.cpp; path = ../../../addons/ofxTableGestures/src/Gestures/tuio1.1/InputGestureTuio1.13D.cpp; sourceTree = SOURCE_ROOT; };
		29151A7C9D6B1BC4814DEA4D /* Triangulate.h */ = {isa = PBXFileReference; explicitFileType = sourcecode.c.h; fileEncoding = 30; name = Triangulate.h; path = ../../../addons/ofx2DFigures/src/Triangulate.h; sourceTree = SOURCE_ROOT; };
		2A19CB89F75D6694CAEF1A9F /* Figure.h */ = {isa = PBXFileReference; explicitFileType = sourcecode.c.h; fileEncoding = 30; name = Figure.h; path = ../../../addons/ofx2DFigures/src/Figure.h; sourceTree = SOURCE_ROOT; };
		2A22B5E46E4AF471AB80A04B /* FigureGraphic.hpp */ = {isa = PBXFileReference; explicitFileType = sourcecode.c.h; fileEncoding = 30; name = FigureGraphic.hpp; path = ../../../addons/ofxTableGestures/src/Core/FigureGraphic.hpp; sourceTree = SOURCE_ROOT; };
		2A5B1FAD3F30C8065C396ACB /* NetworkingUtilsWin.cpp */ = {isa = PBXFileReference; explicitFileType = sourcecode.cpp.cpp; fileEncoding = 30; name = NetworkingUtilsWin.cpp; path = ../../../addons/ofxOsc/libs/oscpack/src/ip/win32/NetworkingUtilsWin.cpp; sourceTree = SOURCE_ROOT; };
		2B40EDA85BEB63E46785BC29 /* tinyxml.cpp */ = {isa = PBXFileReference; explicitFileType = sourcecode.cpp.cpp; fileEncoding = 30; name = tinyxml.cpp; path = ../../../addons/ofxXmlSettings/libs/tinyxml.cpp; sourceTree = SOURCE_ROOT; };
		2FD4B0329909D3527F003494 /* UdpSocket.h */ = {isa = PBXFileReference; explicitFileType = sourcecode.c.h; fileEncoding = 30; name = UdpSocket.h; path = ../../../addons/ofxOsc/libs/oscpack/src/ip/UdpSocket.h; sourceTree = SOURCE_ROOT; };
		363791FEE17D93D172D536AB /* InputGestureBasicFingers.hpp */ = {isa = PBXFileReference; explicitFileType = sourcecode.c.h; fileEncoding = 30; name = InputGestureBasicFingers.hpp; path = ../../../addons/ofxTableGestures/src/Gestures/Gestures/InputGestureBasicFingers.hpp; sourceTree = SOURCE_ROOT; };
		379777B0273AD02349E54336 /* Renderer_plane.hpp */ = {isa = PBXFileReference; explicitFileType = sourcecode.c.h; fileEncoding = 30; name = Renderer_plane.hpp; path = ../../../addons/ofxTableGestures/src/Render/Renderer_plane.hpp; sourceTree = SOURCE_ROOT; };
		39F0AA490AA542B908B69481 /* BoundingBox.cpp */ = {isa = PBXFileReference; explicitFileType = sourcecode.cpp.cpp; fileEncoding = 30; name = BoundingBox.cpp; path = ../../../addons/ofx2DFigures/src/BoundingBox.cpp; sourceTree = SOURCE_ROOT; };
		3B361208CD4107E479F04E7B /* NetworkingUtils.cpp */ = {isa = PBXFileReference; explicitFileType = sourcecode.cpp.cpp; fileEncoding = 30; name = NetworkingUtils.cpp; path = ../../../addons/ofxOsc/libs/oscpack/src/ip/posix/NetworkingUtils.cpp; sourceTree = SOURCE_ROOT; };
		444657A12E59D0ED86981498 /* TimerListener.h */ = {isa = PBXFileReference; explicitFileType = sourcecode.c.h; fileEncoding = 30; name = TimerListener.h; path = ../../../addons/ofxOsc/libs/oscpack/src/ip/TimerListener.h; sourceTree = SOURCE_ROOT; };
		447C4A01F9E734204E10B9C8 /* GlobalConfigDetail.hpp */ = {isa = PBXFileReference; explicitFileType = sourcecode.c.h; fileEncoding = 30; name = GlobalConfigDetail.hpp; path = ../../../addons/ofxGlobalConfig/src/GlobalConfigDetail.hpp; sourceTree = SOURCE_ROOT; };
		44D7089802B01674AA4DEFA9 /* GraphicDispatcher.cpp */ = {isa = PBXFileReference; explicitFileType = sourcecode.cpp.cpp; fileEncoding = 30; name = GraphicDispatcher.cpp; path = ../../../addons/ofxTableGestures/src/Core/GraphicDispatcher.cpp; sourceTree = SOURCE_ROOT; };
		48974F980F51769171D0B2F5 /* IpEndpointName.h */ = {isa = PBXFileReference; explicitFileType = sourcecode.c.h; fileEncoding = 30; name = IpEndpointName.h; path = ../../../addons/ofxOsc/libs/oscpack/src/ip/IpEndpointName.h; sourceTree = SOURCE_ROOT; };
		4A86987A4A530DF9A7614732 /* Triangulate.cpp */ = {isa = PBXFileReference; explicitFileType = sourcecode.cpp.cpp; fileEncoding = 30; name = Triangulate.cpp; path = ../../../addons/ofx2DFigures/src/Triangulate.cpp; sourceTree = SOURCE_ROOT; };
		4C59C7A1754A964B508FB5AA /* InputGestureHand.hpp */ = {isa = PBXFileReference; explicitFileType = sourcecode.c.h; fileEncoding = 30; name = InputGestureHand.hpp; path = "../../../addons/ofxTableGestures/src/Gestures/Gestures-Extras/InputGestureHand.hpp"; sourceTree = SOURCE_ROOT; };
		4E95FB446A9C9C6F0DE12D75 /* OscPrintReceivedElements.h */ = {isa = PBXFileReference; explicitFileType = sourcecode.c.h; fileEncoding = 30; name = OscPrintReceivedElements.h; path = ../../../addons/ofxOsc/libs/oscpack/src/osc/OscPrintReceivedElements.h; sourceTree = SOURCE_ROOT; };
		50DF87D612C5AAE17AAFA6C0 /* ofxXmlSettings.cpp */ = {isa = PBXFileReference; explicitFileType = sourcecode.cpp.cpp; fileEncoding = 30; name = ofxXmlSettings.cpp; path = ../../../addons/ofxXmlSettings/src/ofxXmlSettings.cpp; sourceTree = SOURCE_ROOT; };
		516C7003B2C21A90CD8A26E2 /* CollisionHelper.cpp */ = {isa = PBXFileReference; explicitFileType = sourcecode.cpp.cpp; fileEncoding = 30; name = CollisionHelper.cpp; path = ../../../addons/ofx2DFigures/src/CollisionHelper.cpp; sourceTree = SOURCE_ROOT; };
		5425BCF662258BC78E9882FE /* InputGestureOsc.hpp */ = {isa = PBXFileReference; explicitFileType = sourcecode.c.h; fileEncoding = 30; name = InputGestureOsc.hpp; path = ../../../addons/ofxTableGestures/src/Gestures/tuio1.1/InputGestureOsc.hpp; sourceTree = SOURCE_ROOT; };
		5928AA323F5C2690B06C837D /* UdpSocketWin.cpp */ = {isa = PBXFileReference; explicitFileType = sourcecode.cpp.cpp; fileEncoding = 30; name = UdpSocketWin.cpp; path = ../../../addons/ofxOsc/libs/oscpack/src/ip/win32/UdpSocketWin.cpp; sourceTree = SOURCE_ROOT; };
		5A66FCCA3206411C3BEE2E0D /* Simulator.hpp */ = {isa = PBXFileReference; explicitFileType = sourcecode.c.h; fileEncoding = 30; name = Simulator.hpp; path = ../../../addons/ofxTableGestures/src/Simulator/Simulator.hpp; sourceTree = SOURCE_ROOT; };
		5FAF27C1DA3A626371F1B3CA /* CollisionHelper.h */ = {isa = PBXFileReference; explicitFileType = sourcecode.c.h; fileEncoding = 30; name = CollisionHelper.h; path = ../../../addons/ofx2DFigures/src/CollisionHelper.h; sourceTree = SOURCE_ROOT; };
		62CFD413B72F01FBE1F24E8A /* Matrix.h */ = {isa = PBXFileReference; explicitFileType = sourcecode.c.h; fileEncoding = 30; name = Matrix.h; path = ../../../addons/ofx2DFigures/src/Matrix.h; sourceTree = SOURCE_ROOT; };
		6341B21E8B743EEFE78B10DE /* InputGestureDirectObjects.hpp */ = {isa = PBXFileReference; explicitFileType = sourcecode.c.h; fileEncoding = 30; name = InputGestureDirectObjects.hpp; path = ../../../addons/ofxTableGestures/src/Gestures/Gestures/InputGestureDirectObjects.hpp; sourceTree = SOURCE_ROOT; };
		63A47AC60FFAFC3BF093EC0F /* OscOutboundPacketStream.cpp */ = {isa = PBXFileReference; explicitFileType = sourcecode.cpp.cpp; fileEncoding = 30; name = OscOutboundPacketStream.cpp; path = ../../../addons/ofxOsc/libs/oscpack/src/osc/OscOutboundPacketStream.cpp; sourceTree = SOURCE_ROOT; };
		6567F332183FA8D3008B8B2E /* dispatcher.cpp */ = {isa = PBXFileReference; fileEncoding = 4; lastKnownFileType = sourcecode.cpp.cpp; path = dispatcher.cpp; sourceTree = "<group>"; };
		6567F333183FA8D3008B8B2E /* dispatcher.hpp */ = {isa = PBXFileReference; fileEncoding = 4; lastKnownFileType = sourcecode.cpp.h; path = dispatcher.hpp; sourceTree = "<group>"; };
		6567F334183FA8D3008B8B2E /* osc_common_draw.hpp */ = {isa = PBXFileReference; fileEncoding = 4; lastKnownFileType = sourcecode.cpp.h; path = osc_common_draw.hpp; sourceTree = "<group>"; };
		6567F335183FA8D3008B8B2E /* osc_distances.hpp */ = {isa = PBXFileReference; fileEncoding = 4; lastKnownFileType = sourcecode.cpp.h; path = osc_distances.hpp; sourceTree = "<group>"; };
		6567F336183FA8D3008B8B2E /* osc_fingers.hpp */ = {isa = PBXFileReference; fileEncoding = 4; lastKnownFileType = sourcecode.cpp.h; path = osc_fingers.hpp; sourceTree = "<group>"; };
		6567F337183FA8D3008B8B2E /* osc_general.cpp */ = {isa = PBXFileReference; fileEncoding = 4; lastKnownFileType = sourcecode.cpp.cpp; path = osc_general.cpp; sourceTree = "<group>"; };
		6567F338183FA8D3008B8B2E /* osc_general.hpp */ = {isa = PBXFileReference; fileEncoding = 4; lastKnownFileType = sourcecode.cpp.h; path = osc_general.hpp; sourceTree = "<group>"; };
		6567F339183FA8D3008B8B2E /* osc_polygon.hpp */ = {isa = PBXFileReference; fileEncoding = 4; lastKnownFileType = sourcecode.cpp.h; path = osc_polygon.hpp; sourceTree = "<group>"; };
		6567F33A183FA8D3008B8B2E /* osc_text.hpp */ = {isa = PBXFileReference; fileEncoding = 4; lastKnownFileType = sourcecode.cpp.h; path = osc_text.hpp; sourceTree = "<group>"; };
		6567F33B183FA8D3008B8B2E /* oscReporter.hpp */ = {isa = PBXFileReference; fileEncoding = 4; lastKnownFileType = sourcecode.cpp.h; path = oscReporter.hpp; sourceTree = "<group>"; };
		6567F33C183FA8D3008B8B2E /* simpleAllObjects.hpp */ = {isa = PBXFileReference; fileEncoding = 4; lastKnownFileType = sourcecode.cpp.h; path = simpleAllObjects.hpp; sourceTree = "<group>"; };
		65A6A1C8B54AA68A7BA2D362 /* Alarm.hpp */ = {isa = PBXFileReference; explicitFileType = sourcecode.c.h; fileEncoding = 30; name = Alarm.hpp; path = ../../../addons/ofxTableGestures/src/Utils/Alarm.hpp; sourceTree = SOURCE_ROOT; };
		65EEFA3DA3526E9CDD9C21F9 /* ofxOscBundle.cpp */ = {isa = PBXFileReference; explicitFileType = sourcecode.cpp.cpp; fileEncoding = 30; name = ofxOscBundle.cpp; path = ../../../addons/ofxOsc/src/ofxOscBundle.cpp; sourceTree = SOURCE_ROOT; };
		6B65E6930994CC4B2D2B8B33 /* OscPacketListener.h */ = {isa = PBXFileReference; explicitFileType = sourcecode.c.h; fileEncoding = 30; name = OscPacketListener.h; path = ../../../addons/ofxOsc/libs/oscpack/src/osc/OscPacketListener.h; sourceTree = SOURCE_ROOT; };
		6FAFBA9AC6937404D6AB9725 /* InputGestureTuio1.12D.cpp */ = {isa = PBXFileReference; explicitFileType = sourcecode.cpp.cpp; fileEncoding = 30; name = InputGestureTuio1.12D.cpp; path = ../../../addons/ofxTableGestures/src/Gestures/tuio1.1/InputGestureTuio1.12D.cpp; sourceTree = SOURCE_ROOT; };
		7689F8A0F3D0B7635A8C3104 /* ofxOscArg.h */ = {isa = PBXFileReference; explicitFileType = sourcecode.c.h; fileEncoding = 30; name = ofxOscArg.h; path = ../../../addons/ofxOsc/src/ofxOscArg.h; sourceTree = SOURCE_ROOT; };
		78DCE1762BCE6B4BC2EF37D2 /* InputGestureBasicObjects.cpp */ = {isa = PBXFileReference; explicitFileType = sourcecode.cpp.cpp; fileEncoding = 30; name = InputGestureBasicObjects.cpp; path = ../../../addons/ofxTableGestures/src/Gestures/Gestures/InputGestureBasicObjects.cpp; sourceTree = SOURCE_ROOT; };
		7FA2F8908748DFC002FE046D /* InputGestureTap.hpp */ = {isa = PBXFileReference; explicitFileType = sourcecode.c.h; fileEncoding = 30; name = InputGestureTap.hpp; path = "../../../addons/ofxTableGestures/src/Gestures/Gestures-Extras/InputGestureTap.hpp"; sourceTree = SOURCE_ROOT; };
		81967292BFC87A0144BD32C6 /* ofxOscSender.cpp */ = {isa = PBXFileReference; explicitFileType = sourcecode.cpp.cpp; fileEncoding = 30; name = ofxOscSender.cpp; path = ../../../addons/ofxOsc/src/ofxOscSender.cpp; sourceTree = SOURCE_ROOT; };
		827FEB47BF12780B0C392640 /* DirectPoint.hpp */ = {isa = PBXFileReference; explicitFileType = sourcecode.c.h; fileEncoding = 30; name = DirectPoint.hpp; path = ../../../addons/ofxTableGestures/src/Gestures/DirectPoint.hpp; sourceTree = SOURCE_ROOT; };
		832BDC407620CDBA568B713D /* tinyxmlerror.cpp */ = {isa = PBXFileReference; explicitFileType = sourcecode.cpp.cpp; fileEncoding = 30; name = tinyxmlerror.cpp; path = ../../../addons/ofxXmlSettings/libs/tinyxmlerror.cpp; sourceTree = SOURCE_ROOT; };
		86BCE4EBD0843BE215FB2D48 /* InputGestureHand.cpp */ = {isa = PBXFileReference; explicitFileType = sourcecode.cpp.cpp; fileEncoding = 30; name = InputGestureHand.cpp; path = "../../../addons/ofxTableGestures/src/Gestures/Gestures-Extras/InputGestureHand.cpp"; sourceTree = SOURCE_ROOT; };
		88516C04CB7E6F62E1ECA5B7 /* OscTools.hpp */ = {isa = PBXFileReference; explicitFileType = sourcecode.c.h; fileEncoding = 30; name = OscTools.hpp; path = ../../../addons/ofxTableGestures/src/Utils/OscTools.hpp; sourceTree = SOURCE_ROOT; };
		89B23D96BC636335746A5F63 /* BoundingBox.h */ = {isa = PBXFileReference; explicitFileType = sourcecode.c.h; fileEncoding = 30; name = BoundingBox.h; path = ../../../addons/ofx2DFigures/src/BoundingBox.h; sourceTree = SOURCE_ROOT; };
		8A265B92F9E00F9D48188CC4 /* InputGestureTuio1.1.hpp */ = {isa = PBXFileReference; explicitFileType = sourcecode.c.h; fileEncoding = 30; name = InputGestureTuio1.1.hpp; path = ../../../addons/ofxTableGestures/src/Gestures/Gestures/InputGestureTuio1.1.hpp; sourceTree = SOURCE_ROOT; };
		8B30E93FD3D3475EED522A0E /* ofxOscBundle.h */ = {isa = PBXFileReference; explicitFileType = sourcecode.c.h; fileEncoding = 30; name = ofxOscBundle.h; path = ../../../addons/ofxOsc/src/ofxOscBundle.h; sourceTree = SOURCE_ROOT; };
		8C75AFC8774A62495DD53464 /* ofxOscReceiver.h */ = {isa = PBXFileReference; explicitFileType = sourcecode.c.h; fileEncoding = 30; name = ofxOscReceiver.h; path = ../../../addons/ofxOsc/src/ofxOscReceiver.h; sourceTree = SOURCE_ROOT; };
		8D79B70D9C3C7DB565FA9786 /* Renderer.hpp */ = {isa = PBXFileReference; explicitFileType = sourcecode.c.h; fileEncoding = 30; name = Renderer.hpp; path = ../../../addons/ofxTableGestures/src/Render/Renderer.hpp; sourceTree = SOURCE_ROOT; };
		9291D2064C1C605B3174B775 /* TapFeedback.hpp */ = {isa = PBXFileReference; explicitFileType = sourcecode.c.h; fileEncoding = 30; name = TapFeedback.hpp; path = ../../../addons/ofxTableGestures/src/Feedback/TapFeedback.hpp; sourceTree = SOURCE_ROOT; };
		9BF3AA0D4FAA89D0F8A0E545 /* OscReceivedElements.cpp */ = {isa = PBXFileReference; explicitFileType = sourcecode.cpp.cpp; fileEncoding = 30; name = OscReceivedElements.cpp; path = ../../../addons/ofxOsc/libs/oscpack/src/osc/OscReceivedElements.cpp; sourceTree = SOURCE_ROOT; };
		9F7986DC4EB05E75FCE2C777 /* ofxOscSender.h */ = {isa = PBXFileReference; explicitFileType = sourcecode.c.h; fileEncoding = 30; name = ofxOscSender.h; path = ../../../addons/ofxOsc/src/ofxOscSender.h; sourceTree = SOURCE_ROOT; };
		9FD7EF13ABFC16A95A71E04D /* Graphic.hpp */ = {isa = PBXFileReference; explicitFileType = sourcecode.c.h; fileEncoding = 30; name = Graphic.hpp; path = ../../../addons/ofxTableGestures/src/Core/Graphic.hpp; sourceTree = SOURCE_ROOT; };
		A2AAA8CA403479E6FCDF920E /* OscHostEndianness.h */ = {isa = PBXFileReference; explicitFileType = sourcecode.c.h; fileEncoding = 30; name = OscHostEndianness.h; path = ../../../addons/ofxOsc/libs/oscpack/src/osc/OscHostEndianness.h; sourceTree = SOURCE_ROOT; };
		A31DB2ED2400DB505400D880 /* GraphicDispatcher.hpp */ = {isa = PBXFileReference; explicitFileType = sourcecode.c.h; fileEncoding = 30; name = GraphicDispatcher.hpp; path = ../../../addons/ofxTableGestures/src/Core/GraphicDispatcher.hpp; sourceTree = SOURCE_ROOT; };
		A32328FA036BA733F924C0E1 /* Graphic.cpp */ = {isa = PBXFileReference; explicitFileType = sourcecode.cpp.cpp; fileEncoding = 30; name = Graphic.cpp; path = ../../../addons/ofxTableGestures/src/Core/Graphic.cpp; sourceTree = SOURCE_ROOT; };
		A46DF89EE8EAC2FEFBFEA841 /* Events.hpp */ = {isa = PBXFileReference; explicitFileType = sourcecode.c.h; fileEncoding = 30; name = Events.hpp; path = ../../../addons/ofxTableGestures/src/Gestures/Events.hpp; sourceTree = SOURCE_ROOT; };
		A82B9D3DECB4AB88449B9E37 /* Shapes.hpp */ = {isa = PBXFileReference; explicitFileType = sourcecode.c.h; fileEncoding = 30; name = Shapes.hpp; path = ../../../addons/ofxTableGestures/src/Simulator/Shapes.hpp; sourceTree = SOURCE_ROOT; };
		A97DF505F2CB4A32E1635164 /* TableApp.cpp */ = {isa = PBXFileReference; explicitFileType = sourcecode.cpp.cpp; fileEncoding = 30; name = TableApp.cpp; path = ../../../addons/ofxTableGestures/src/Core/TableApp.cpp; sourceTree = SOURCE_ROOT; };
		ADD194746185E2DA11468377 /* IpEndpointName.cpp */ = {isa = PBXFileReference; explicitFileType = sourcecode.cpp.cpp; fileEncoding = 30; name = IpEndpointName.cpp; path = ../../../addons/ofxOsc/libs/oscpack/src/ip/IpEndpointName.cpp; sourceTree = SOURCE_ROOT; };
		AE335EB4709BFD4671EEAC84 /* MessageMappingOscPacketListener.h */ = {isa = PBXFileReference; explicitFileType = sourcecode.c.h; fileEncoding = 30; name = MessageMappingOscPacketListener.h; path = ../../../addons/ofxOsc/libs/oscpack/src/osc/MessageMappingOscPacketListener.h; sourceTree = SOURCE_ROOT; };
		B21E7E5F548EEA92F368040B /* tinyxml.h */ = {isa = PBXFileReference; explicitFileType = sourcecode.c.h; fileEncoding = 30; name = tinyxml.h; path = ../../../addons/ofxXmlSettings/libs/tinyxml.h; sourceTree = SOURCE_ROOT; };
		B31C608870ECEB2490A93736 /* ofxOscParameterSync.h */ = {isa = PBXFileReference; explicitFileType = sourcecode.c.h; fileEncoding = 30; name = ofxOscParameterSync.h; path = ../../../addons/ofxOsc/src/ofxOscParameterSync.h; sourceTree = SOURCE_ROOT; };
		B4D0948CD2C2DF3600975297 /* Shapes.cpp */ = {isa = PBXFileReference; explicitFileType = sourcecode.cpp.cpp; fileEncoding = 30; name = Shapes.cpp; path = ../../../addons/ofxTableGestures/src/Simulator/Shapes.cpp; sourceTree = SOURCE_ROOT; };
		B800A9F1B143B5E460647E56 /* Renderer_to_texture.cpp */ = {isa = PBXFileReference; explicitFileType = sourcecode.cpp.cpp; fileEncoding = 30; name = Renderer_to_texture.cpp; path = ../../../addons/ofxTableGestures/src/Render/Renderer_to_texture.cpp; sourceTree = SOURCE_ROOT; };
		B8864115B0F55BDFDDCE6447 /* HandFeedback.hpp */ = {isa = PBXFileReference; explicitFileType = sourcecode.c.h; fileEncoding = 30; name = HandFeedback.hpp; path = ../../../addons/ofxTableGestures/src/Feedback/HandFeedback.hpp; sourceTree = SOURCE_ROOT; };
		BBAB23BE13894E4700AA2426 /* GLUT.framework */ = {isa = PBXFileReference; lastKnownFileType = wrapper.framework; name = GLUT.framework; path = ../../../libs/glut/lib/osx/GLUT.framework; sourceTree = "<group>"; };
		BC8881B3C8C0A1C45F042E7A /* OscPrintReceivedElements.cpp */ = {isa = PBXFileReference; explicitFileType = sourcecode.cpp.cpp; fileEncoding = 30; name = OscPrintReceivedElements.cpp; path = ../../../addons/ofxOsc/libs/oscpack/src/osc/OscPrintReceivedElements.cpp; sourceTree = SOURCE_ROOT; };
		BF6C2ADB1066AF474DEBB542 /* InputGestureDirectFingers.hpp */ = {isa = PBXFileReference; explicitFileType = sourcecode.c.h; fileEncoding = 30; name = InputGestureDirectFingers.hpp; path = ../../../addons/ofxTableGestures/src/Gestures/Gestures/InputGestureDirectFingers.hpp; sourceTree = SOURCE_ROOT; };
		BF750ABAF3178C5BC6A8C233 /* Simulator.cpp */ = {isa = PBXFileReference; explicitFileType = sourcecode.cpp.cpp; fileEncoding = 30; name = Simulator.cpp; path = ../../../addons/ofxTableGestures/src/Simulator/Simulator.cpp; sourceTree = SOURCE_ROOT; };
		C2FAC65C491D4231379F3298 /* ofxOscReceiver.cpp */ = {isa = PBXFileReference; explicitFileType = sourcecode.cpp.cpp; fileEncoding = 30; name = ofxOscReceiver.cpp; path = ../../../addons/ofxOsc/src/ofxOscReceiver.cpp; sourceTree = SOURCE_ROOT; };
		C5283B314C2BD0C35131C95C /* container.hpp */ = {isa = PBXFileReference; explicitFileType = sourcecode.c.h; fileEncoding = 30; name = container.hpp; path = ../../../addons/ofxTableGestures/src/Simulator/container.hpp; sourceTree = SOURCE_ROOT; };
		C58862C6D212C8E8A83810F4 /* ofxOscMessage.h */ = {isa = PBXFileReference; explicitFileType = sourcecode.c.h; fileEncoding = 30; name = ofxOscMessage.h; path = ../../../addons/ofxOsc/src/ofxOscMessage.h; sourceTree = SOURCE_ROOT; };
		C66EDDB2F25E7E251E930FFF /* Polygon.cpp */ = {isa = PBXFileReference; explicitFileType = sourcecode.cpp.cpp; fileEncoding = 30; name = Polygon.cpp; path = ../../../addons/ofx2DFigures/src/Polygon.cpp; sourceTree = SOURCE_ROOT; };
		C6937888E126BADC8777423B /* OscTypes.h */ = {isa = PBXFileReference; explicitFileType = sourcecode.c.h; fileEncoding = 30; name = OscTypes.h; path = ../../../addons/ofxOsc/libs/oscpack/src/osc/OscTypes.h; sourceTree = SOURCE_ROOT; };
		C6948C3F5D937DC5258C81EF /* Renderer_to_texture.hpp */ = {isa = PBXFileReference; explicitFileType = sourcecode.c.h; fileEncoding = 30; name = Renderer_to_texture.hpp; path = ../../../addons/ofxTableGestures/src/Render/Renderer_to_texture.hpp; sourceTree = SOURCE_ROOT; };
		CAFCB37422A331EA6470381A /* Polygon.h */ = {isa = PBXFileReference; explicitFileType = sourcecode.c.h; fileEncoding = 30; name = Polygon.h; path = ../../../addons/ofx2DFigures/src/Polygon.h; sourceTree = SOURCE_ROOT; };
		D0F50887B2DFBDC1AC272DAA /* InputGestureDirectFingers.cpp */ = {isa = PBXFileReference; explicitFileType = sourcecode.cpp.cpp; fileEncoding = 30; name = InputGestureDirectFingers.cpp; path = ../../../addons/ofxTableGestures/src/Gestures/Gestures/InputGestureDirectFingers.cpp; sourceTree = SOURCE_ROOT; };
		D4AA5936821E0FA89447F332 /* Renderer.cpp */ = {isa = PBXFileReference; explicitFileType = sourcecode.cpp.cpp; fileEncoding = 30; name = Renderer.cpp; path = ../../../addons/ofxTableGestures/src/Render/Renderer.cpp; sourceTree = SOURCE_ROOT; };
		D66B0538A9B30C2024C0F038 /* container.cpp */ = {isa = PBXFileReference; explicitFileType = sourcecode.cpp.cpp; fileEncoding = 30; name = container.cpp; path = ../../../addons/ofxTableGestures/src/Simulator/container.cpp; sourceTree = SOURCE_ROOT; };
		D75694DBEF2FE5B42DB91EBF /* InputGestureLongPush.hpp */ = {isa = PBXFileReference; explicitFileType = sourcecode.c.h; fileEncoding = 30; name = InputGestureLongPush.hpp; path = "../../../addons/ofxTableGestures/src/Gestures/Gestures-Extras/InputGestureLongPush.hpp"; sourceTree = SOURCE_ROOT; };
		D85395E78536EDFC097240B3 /* InputGestureTuio1.13D.hpp */ = {isa = PBXFileReference; explicitFileType = sourcecode.c.h; fileEncoding = 30; name = InputGestureTuio1.13D.hpp; path = ../../../addons/ofxTableGestures/src/Gestures/tuio1.1/InputGestureTuio1.13D.hpp; sourceTree = SOURCE_ROOT; };
		D8CF57135AAD7AC50F18109F /* TableApp.hpp */ = {isa = PBXFileReference; explicitFileType = sourcecode.c.h; fileEncoding = 30; name = TableApp.hpp; path = ../../../addons/ofxTableGestures/src/Core/TableApp.hpp; sourceTree = SOURCE_ROOT; };
		D9BFFBBF4CC43DEE890B3C3E /* OscTypes.cpp */ = {isa = PBXFileReference; explicitFileType = sourcecode.cpp.cpp; fileEncoding = 30; name = OscTypes.cpp; path = ../../../addons/ofxOsc/libs/oscpack/src/osc/OscTypes.cpp; sourceTree = SOURCE_ROOT; };
		DDB3686B63BF03A228FF83D9 /* Grid.hpp */ = {isa = PBXFileReference; explicitFileType = sourcecode.c.h; fileEncoding = 30; name = Grid.hpp; path = ../../../addons/ofxTableGestures/src/Render/Grid.hpp; sourceTree = SOURCE_ROOT; };
		DF49D76C45D5DB505A234880 /* ofxOscMessage.cpp */ = {isa = PBXFileReference; explicitFileType = sourcecode.cpp.cpp; fileEncoding = 30; name = ofxOscMessage.cpp; path = ../../../addons/ofxOsc/src/ofxOscMessage.cpp; sourceTree = SOURCE_ROOT; };
		DFA2B7B9B67D99E72F779AF2 /* InputGestureBasicObjects.hpp */ = {isa = PBXFileReference; explicitFileType = sourcecode.c.h; fileEncoding = 30; name = InputGestureBasicObjects.hpp; path = ../../../addons/ofxTableGestures/src/Gestures/Gestures/InputGestureBasicObjects.hpp; sourceTree = SOURCE_ROOT; };
		E18F83BEBFB437E8CD95AEEC /* Grid.cpp */ = {isa = PBXFileReference; explicitFileType = sourcecode.cpp.cpp; fileEncoding = 30; name = Grid.cpp; path = ../../../addons/ofxTableGestures/src/Render/Grid.cpp; sourceTree = SOURCE_ROOT; };
		E29DD0CE0CE75174979E9A6B /* CursorFeedback.hpp */ = {isa = PBXFileReference; explicitFileType = sourcecode.c.h; fileEncoding = 30; name = CursorFeedback.hpp; path = ../../../addons/ofxTableGestures/src/Feedback/CursorFeedback.hpp; sourceTree = SOURCE_ROOT; };
		E4328143138ABC890047C5CB /* openFrameworksLib.xcodeproj */ = {isa = PBXFileReference; lastKnownFileType = "wrapper.pb-project"; name = openFrameworksLib.xcodeproj; path = ../../../libs/openFrameworksCompiled/project/osx/openFrameworksLib.xcodeproj; sourceTree = SOURCE_ROOT; };
		E45BE9710E8CC7DD009D7055 /* AGL.framework */ = {isa = PBXFileReference; lastKnownFileType = wrapper.framework; name = AGL.framework; path = /System/Library/Frameworks/AGL.framework; sourceTree = "<absolute>"; };
		E45BE9720E8CC7DD009D7055 /* ApplicationServices.framework */ = {isa = PBXFileReference; lastKnownFileType = wrapper.framework; name = ApplicationServices.framework; path = /System/Library/Frameworks/ApplicationServices.framework; sourceTree = "<absolute>"; };
		E45BE9730E8CC7DD009D7055 /* AudioToolbox.framework */ = {isa = PBXFileReference; lastKnownFileType = wrapper.framework; name = AudioToolbox.framework; path = /System/Library/Frameworks/AudioToolbox.framework; sourceTree = "<absolute>"; };
		E45BE9740E8CC7DD009D7055 /* Carbon.framework */ = {isa = PBXFileReference; lastKnownFileType = wrapper.framework; name = Carbon.framework; path = /System/Library/Frameworks/Carbon.framework; sourceTree = "<absolute>"; };
		E45BE9750E8CC7DD009D7055 /* CoreAudio.framework */ = {isa = PBXFileReference; lastKnownFileType = wrapper.framework; name = CoreAudio.framework; path = /System/Library/Frameworks/CoreAudio.framework; sourceTree = "<absolute>"; };
		E45BE9760E8CC7DD009D7055 /* CoreFoundation.framework */ = {isa = PBXFileReference; lastKnownFileType = wrapper.framework; name = CoreFoundation.framework; path = /System/Library/Frameworks/CoreFoundation.framework; sourceTree = "<absolute>"; };
		E45BE9770E8CC7DD009D7055 /* CoreServices.framework */ = {isa = PBXFileReference; lastKnownFileType = wrapper.framework; name = CoreServices.framework; path = /System/Library/Frameworks/CoreServices.framework; sourceTree = "<absolute>"; };
		E45BE9790E8CC7DD009D7055 /* OpenGL.framework */ = {isa = PBXFileReference; lastKnownFileType = wrapper.framework; name = OpenGL.framework; path = /System/Library/Frameworks/OpenGL.framework; sourceTree = "<absolute>"; };
		E45BE97A0E8CC7DD009D7055 /* QuickTime.framework */ = {isa = PBXFileReference; lastKnownFileType = wrapper.framework; name = QuickTime.framework; path = /System/Library/Frameworks/QuickTime.framework; sourceTree = "<absolute>"; };
		E4B69B5B0A3A1756003C02F2 /* MTCFDebug.app */ = {isa = PBXFileReference; explicitFileType = wrapper.application; includeInIndex = 0; path = MTCFDebug.app; sourceTree = BUILT_PRODUCTS_DIR; };
		E4B69E1D0A3A1BDC003C02F2 /* main.cpp */ = {isa = PBXFileReference; fileEncoding = 30; lastKnownFileType = sourcecode.cpp.cpp; name = main.cpp; path = src/main.cpp; sourceTree = SOURCE_ROOT; };
		E4B69E1E0A3A1BDC003C02F2 /* testApp.cpp */ = {isa = PBXFileReference; explicitFileType = sourcecode.cpp.cpp; fileEncoding = 30; name = testApp.cpp; path = src/testApp.cpp; sourceTree = SOURCE_ROOT; };
		E4B69E1F0A3A1BDC003C02F2 /* testApp.h */ = {isa = PBXFileReference; fileEncoding = 30; lastKnownFileType = sourcecode.c.h; name = testApp.h; path = src/testApp.h; sourceTree = SOURCE_ROOT; };
		E4B6FCAD0C3E899E008CF71C /* openFrameworks-Info.plist */ = {isa = PBXFileReference; fileEncoding = 30; lastKnownFileType = text.plist.xml; path = "openFrameworks-Info.plist"; sourceTree = "<group>"; };
		E4C2424410CC5A17004149E2 /* AppKit.framework */ = {isa = PBXFileReference; lastKnownFileType = wrapper.framework; name = AppKit.framework; path = /System/Library/Frameworks/AppKit.framework; sourceTree = "<absolute>"; };
		E4C2424510CC5A17004149E2 /* Cocoa.framework */ = {isa = PBXFileReference; lastKnownFileType = wrapper.framework; name = Cocoa.framework; path = /System/Library/Frameworks/Cocoa.framework; sourceTree = "<absolute>"; };
		E4C2424610CC5A17004149E2 /* IOKit.framework */ = {isa = PBXFileReference; lastKnownFileType = wrapper.framework; name = IOKit.framework; path = /System/Library/Frameworks/IOKit.framework; sourceTree = "<absolute>"; };
		E4EB691F138AFCF100A09F29 /* CoreOF.xcconfig */ = {isa = PBXFileReference; fileEncoding = 4; lastKnownFileType = text.xcconfig; name = CoreOF.xcconfig; path = ../../../libs/openFrameworksCompiled/project/osx/CoreOF.xcconfig; sourceTree = SOURCE_ROOT; };
		E4EB6923138AFD0F00A09F29 /* Project.xcconfig */ = {isa = PBXFileReference; fileEncoding = 4; lastKnownFileType = text.xcconfig; path = Project.xcconfig; sourceTree = "<group>"; };
		E531CFE560EB42C74ADCEEB4 /* EventClient.hpp */ = {isa = PBXFileReference; explicitFileType = sourcecode.c.h; fileEncoding = 30; name = EventClient.hpp; path = ../../../addons/ofxTableGestures/src/Core/EventClient.hpp; sourceTree = SOURCE_ROOT; };
		E6DEF695B88BA5FAACEAA937 /* UdpSocket.cpp */ = {isa = PBXFileReference; explicitFileType = sourcecode.cpp.cpp; fileEncoding = 30; name = UdpSocket.cpp; path = ../../../addons/ofxOsc/libs/oscpack/src/ip/posix/UdpSocket.cpp; sourceTree = SOURCE_ROOT; };
		E7E077E415D3B63C0020DFD4 /* CoreVideo.framework */ = {isa = PBXFileReference; lastKnownFileType = wrapper.framework; name = CoreVideo.framework; path = /System/Library/Frameworks/CoreVideo.framework; sourceTree = "<absolute>"; };
		E7E077E715D3B6510020DFD4 /* QTKit.framework */ = {isa = PBXFileReference; lastKnownFileType = wrapper.framework; name = QTKit.framework; path = /System/Library/Frameworks/QTKit.framework; sourceTree = "<absolute>"; };
		E7F985F515E0DE99003869B5 /* Accelerate.framework */ = {isa = PBXFileReference; lastKnownFileType = wrapper.framework; name = Accelerate.framework; path = /System/Library/Frameworks/Accelerate.framework; sourceTree = "<absolute>"; };
		ECB1696040490235A7DAC0C6 /* Singleton.hpp */ = {isa = PBXFileReference; explicitFileType = sourcecode.c.h; fileEncoding = 30; name = Singleton.hpp; path = ../../../addons/ofxTableGestures/src/Utils/Singleton.hpp; sourceTree = SOURCE_ROOT; };
		EEDB66BDEBB52AC6FE812699 /* InputGestureBasicFingers.cpp */ = {isa = PBXFileReference; explicitFileType = sourcecode.cpp.cpp; fileEncoding = 30; name = InputGestureBasicFingers.cpp; path = ../../../addons/ofxTableGestures/src/Gestures/Gestures/InputGestureBasicFingers.cpp; sourceTree = SOURCE_ROOT; };
		EF5C22034B0EC23A3DE5D6B7 /* FigureFeedback.cpp */ = {isa = PBXFileReference; explicitFileType = sourcecode.cpp.cpp; fileEncoding = 30; name = FigureFeedback.cpp; path = ../../../addons/ofxTableGestures/src/Feedback/FigureFeedback.cpp; sourceTree = SOURCE_ROOT; };
		F4F5B6B8BA2BD52C646ED908 /* OscException.h */ = {isa = PBXFileReference; explicitFileType = sourcecode.c.h; fileEncoding = 30; name = OscException.h; path = ../../../addons/ofxOsc/libs/oscpack/src/osc/OscException.h; sourceTree = SOURCE_ROOT; };
		F6B285D45A468A8E0EF2E8C1 /* Renderer_plane.cpp */ = {isa = PBXFileReference; explicitFileType = sourcecode.cpp.cpp; fileEncoding = 30; name = Renderer_plane.cpp; path = ../../../addons/ofxTableGestures/src/Render/Renderer_plane.cpp; sourceTree = SOURCE_ROOT; };
		F7FBC56859535E597B24BB91 /* NetworkingUtils.h */ = {isa = PBXFileReference; explicitFileType = sourcecode.c.h; fileEncoding = 30; name = NetworkingUtils.h; path = ../../../addons/ofxOsc/libs/oscpack/src/ip/NetworkingUtils.h; sourceTree = SOURCE_ROOT; };
		FC5DA1C87211D4F6377DA719 /* tinyxmlparser.cpp */ = {isa = PBXFileReference; explicitFileType = sourcecode.cpp.cpp; fileEncoding = 30; name = tinyxmlparser.cpp; path = ../../../addons/ofxXmlSettings/libs/tinyxmlparser.cpp; sourceTree = SOURCE_ROOT; };
/* End PBXFileReference section */

/* Begin PBXFrameworksBuildPhase section */
		E4B69B590A3A1756003C02F2 /* Frameworks */ = {
			isa = PBXFrameworksBuildPhase;
			buildActionMask = 2147483647;
			files = (
				E7F985F815E0DEA3003869B5 /* Accelerate.framework in Frameworks */,
				E7E077E815D3B6510020DFD4 /* QTKit.framework in Frameworks */,
				E4EB6799138ADC1D00A09F29 /* GLUT.framework in Frameworks */,
				E4328149138ABC9F0047C5CB /* openFrameworksDebug.a in Frameworks */,
				E45BE97B0E8CC7DD009D7055 /* AGL.framework in Frameworks */,
				E45BE97C0E8CC7DD009D7055 /* ApplicationServices.framework in Frameworks */,
				E45BE97D0E8CC7DD009D7055 /* AudioToolbox.framework in Frameworks */,
				E45BE97E0E8CC7DD009D7055 /* Carbon.framework in Frameworks */,
				E45BE97F0E8CC7DD009D7055 /* CoreAudio.framework in Frameworks */,
				E45BE9800E8CC7DD009D7055 /* CoreFoundation.framework in Frameworks */,
				E45BE9810E8CC7DD009D7055 /* CoreServices.framework in Frameworks */,
				E45BE9830E8CC7DD009D7055 /* OpenGL.framework in Frameworks */,
				E45BE9840E8CC7DD009D7055 /* QuickTime.framework in Frameworks */,
				E4C2424710CC5A17004149E2 /* AppKit.framework in Frameworks */,
				E4C2424810CC5A17004149E2 /* Cocoa.framework in Frameworks */,
				E4C2424910CC5A17004149E2 /* IOKit.framework in Frameworks */,
				E7E077E515D3B63C0020DFD4 /* CoreVideo.framework in Frameworks */,
			);
			runOnlyForDeploymentPostprocessing = 0;
		};
/* End PBXFrameworksBuildPhase section */

/* Begin PBXGroup section */
		016DBAD23FB66B6D4EEF00A8 /* Gestures */ = {
			isa = PBXGroup;
			children = (
				827FEB47BF12780B0C392640 /* DirectPoint.hpp */,
				A46DF89EE8EAC2FEFBFEA841 /* Events.hpp */,
				58F077B836F1141D8811B573 /* Gestures */,
				3789B5E800D1F34773221D3A /* Gestures-Extras */,
				8A461FE61503B89115249428 /* tuio1.1 */,
			);
			name = Gestures;
			sourceTree = "<group>";
		};
		1F4FB5C423662B96ADFDCC0B /* ofxXmlSettings */ = {
			isa = PBXGroup;
			children = (
				6ECEF0D76BC33727823EADFF /* src */,
				6E54289412D2D94F45A05113 /* libs */,
			);
			name = ofxXmlSettings;
			sourceTree = "<group>";
		};
		20C024F61D1092D916A50BA1 /* Feedback */ = {
			isa = PBXGroup;
			children = (
				0E88219AB749672649F4348E /* CursorFeedback.cpp */,
				E29DD0CE0CE75174979E9A6B /* CursorFeedback.hpp */,
				EF5C22034B0EC23A3DE5D6B7 /* FigureFeedback.cpp */,
				06C12E34FEB83FF4EA5FB5B9 /* FigureFeedback.hpp */,
				B8864115B0F55BDFDDCE6447 /* HandFeedback.hpp */,
				0672E09229A05BA431281240 /* LongPushFeedback.hpp */,
				9291D2064C1C605B3174B775 /* TapFeedback.hpp */,
			);
			name = Feedback;
			sourceTree = "<group>";
		};
		30CB364908817057B430D528 /* osc */ = {
			isa = PBXGroup;
			children = (
				AE335EB4709BFD4671EEAC84 /* MessageMappingOscPacketListener.h */,
				F4F5B6B8BA2BD52C646ED908 /* OscException.h */,
				A2AAA8CA403479E6FCDF920E /* OscHostEndianness.h */,
				63A47AC60FFAFC3BF093EC0F /* OscOutboundPacketStream.cpp */,
				029684CF678F70F6D3537A29 /* OscOutboundPacketStream.h */,
				6B65E6930994CC4B2D2B8B33 /* OscPacketListener.h */,
				BC8881B3C8C0A1C45F042E7A /* OscPrintReceivedElements.cpp */,
				4E95FB446A9C9C6F0DE12D75 /* OscPrintReceivedElements.h */,
				9BF3AA0D4FAA89D0F8A0E545 /* OscReceivedElements.cpp */,
				20F35AFADAF0068B067E713F /* OscReceivedElements.h */,
				D9BFFBBF4CC43DEE890B3C3E /* OscTypes.cpp */,
				C6937888E126BADC8777423B /* OscTypes.h */,
			);
			name = osc;
			sourceTree = "<group>";
		};
		3789B5E800D1F34773221D3A /* Gestures-Extras */ = {
			isa = PBXGroup;
			children = (
				86BCE4EBD0843BE215FB2D48 /* InputGestureHand.cpp */,
				4C59C7A1754A964B508FB5AA /* InputGestureHand.hpp */,
				D75694DBEF2FE5B42DB91EBF /* InputGestureLongPush.hpp */,
				7FA2F8908748DFC002FE046D /* InputGestureTap.hpp */,
			);
			name = "Gestures-Extras";
			sourceTree = "<group>";
		};
		385781D4464FBE9EBCA0FF00 /* ofx2DFigures */ = {
			isa = PBXGroup;
			children = (
				9CC35F842CC3F1F8EB99B7D1 /* src */,
			);
			name = ofx2DFigures;
			sourceTree = "<group>";
		};
		38871A5825686AE018EC2BF0 /* libs */ = {
			isa = PBXGroup;
			children = (
				86D2677079A3AF4A5A88E29A /* oscpack */,
			);
			name = libs;
			sourceTree = "<group>";
		};
		524A90AFDB26636184BE4026 /* Simulator */ = {
			isa = PBXGroup;
			children = (
				D66B0538A9B30C2024C0F038 /* container.cpp */,
				C5283B314C2BD0C35131C95C /* container.hpp */,
				B4D0948CD2C2DF3600975297 /* Shapes.cpp */,
				A82B9D3DECB4AB88449B9E37 /* Shapes.hpp */,
				BF750ABAF3178C5BC6A8C233 /* Simulator.cpp */,
				5A66FCCA3206411C3BEE2E0D /* Simulator.hpp */,
			);
			name = Simulator;
			sourceTree = "<group>";
		};
		58F077B836F1141D8811B573 /* Gestures */ = {
			isa = PBXGroup;
			children = (
				EEDB66BDEBB52AC6FE812699 /* InputGestureBasicFingers.cpp */,
				363791FEE17D93D172D536AB /* InputGestureBasicFingers.hpp */,
				78DCE1762BCE6B4BC2EF37D2 /* InputGestureBasicObjects.cpp */,
				DFA2B7B9B67D99E72F779AF2 /* InputGestureBasicObjects.hpp */,
				D0F50887B2DFBDC1AC272DAA /* InputGestureDirectFingers.cpp */,
				BF6C2ADB1066AF474DEBB542 /* InputGestureDirectFingers.hpp */,
				0108916C6862A60132AD5AF5 /* InputGestureDirectObjects.cpp */,
				6341B21E8B743EEFE78B10DE /* InputGestureDirectObjects.hpp */,
				8A265B92F9E00F9D48188CC4 /* InputGestureTuio1.1.hpp */,
			);
			name = Gestures;
			sourceTree = "<group>";
		};
		641362CA659FAFEE4E81001B /* posix */ = {
			isa = PBXGroup;
			children = (
				3B361208CD4107E479F04E7B /* NetworkingUtils.cpp */,
				E6DEF695B88BA5FAACEAA937 /* UdpSocket.cpp */,
			);
			name = posix;
			sourceTree = "<group>";
		};
		6E54289412D2D94F45A05113 /* libs */ = {
			isa = PBXGroup;
			children = (
				2B40EDA85BEB63E46785BC29 /* tinyxml.cpp */,
				B21E7E5F548EEA92F368040B /* tinyxml.h */,
				832BDC407620CDBA568B713D /* tinyxmlerror.cpp */,
				FC5DA1C87211D4F6377DA719 /* tinyxmlparser.cpp */,
			);
			name = libs;
			sourceTree = "<group>";
		};
		6ECEF0D76BC33727823EADFF /* src */ = {
			isa = PBXGroup;
			children = (
				50DF87D612C5AAE17AAFA6C0 /* ofxXmlSettings.cpp */,
				01DCC0911400F9ACF5B65578 /* ofxXmlSettings.h */,
			);
			name = src;
			sourceTree = "<group>";
		};
		86D2677079A3AF4A5A88E29A /* oscpack */ = {
			isa = PBXGroup;
			children = (
				D27B2221A225CA523C019676 /* src */,
			);
			name = oscpack;
			sourceTree = "<group>";
		};
		8A461FE61503B89115249428 /* tuio1.1 */ = {
			isa = PBXGroup;
			children = (
				5425BCF662258BC78E9882FE /* InputGestureOsc.hpp */,
				22F13528FB7F2A76A5FA61F9 /* InputGestureTuio1.12.5D.cpp */,
				15FAFFE95CA5518F4CBD9C05 /* InputGestureTuio1.12.5D.hpp */,
				6FAFBA9AC6937404D6AB9725 /* InputGestureTuio1.12D.cpp */,
				126FD865856EFAEDEF3A9A0A /* InputGestureTuio1.12D.hpp */,
				23D3490FFD4F52374BB762A7 /* InputGestureTuio1.13D.cpp */,
				D85395E78536EDFC097240B3 /* InputGestureTuio1.13D.hpp */,
			);
			name = tuio1.1;
			sourceTree = "<group>";
		};
		93348E9C53611A2085DA9DDB /* Render */ = {
			isa = PBXGroup;
			children = (
				E18F83BEBFB437E8CD95AEEC /* Grid.cpp */,
				DDB3686B63BF03A228FF83D9 /* Grid.hpp */,
				D4AA5936821E0FA89447F332 /* Renderer.cpp */,
				8D79B70D9C3C7DB565FA9786 /* Renderer.hpp */,
				F6B285D45A468A8E0EF2E8C1 /* Renderer_plane.cpp */,
				379777B0273AD02349E54336 /* Renderer_plane.hpp */,
				B800A9F1B143B5E460647E56 /* Renderer_to_texture.cpp */,
				C6948C3F5D937DC5258C81EF /* Renderer_to_texture.hpp */,
			);
			name = Render;
			sourceTree = "<group>";
		};
		9CC35F842CC3F1F8EB99B7D1 /* src */ = {
			isa = PBXGroup;
			children = (
				39F0AA490AA542B908B69481 /* BoundingBox.cpp */,
				89B23D96BC636335746A5F63 /* BoundingBox.h */,
				516C7003B2C21A90CD8A26E2 /* CollisionHelper.cpp */,
				5FAF27C1DA3A626371F1B3CA /* CollisionHelper.h */,
				19F66F02A7B1707D72AC612C /* Figure.cpp */,
				2A19CB89F75D6694CAEF1A9F /* Figure.h */,
				62CFD413B72F01FBE1F24E8A /* Matrix.h */,
				C66EDDB2F25E7E251E930FFF /* Polygon.cpp */,
				CAFCB37422A331EA6470381A /* Polygon.h */,
				1B4B5B93110F7F98EBB31222 /* TestTriangulation.h */,
				4A86987A4A530DF9A7614732 /* Triangulate.cpp */,
				29151A7C9D6B1BC4814DEA4D /* Triangulate.h */,
			);
			name = src;
			sourceTree = "<group>";
		};
		B058949906298D201DF33B42 /* src */ = {
			isa = PBXGroup;
			children = (
				FF9DA01A63525465CAC3A9B9 /* Core */,
				20C024F61D1092D916A50BA1 /* Feedback */,
				016DBAD23FB66B6D4EEF00A8 /* Gestures */,
				93348E9C53611A2085DA9DDB /* Render */,
				524A90AFDB26636184BE4026 /* Simulator */,
				BD55ECE6A06ADDF7F6FECBD5 /* Utils */,
			);
			name = src;
			sourceTree = "<group>";
		};
		B769C2D0E2BA7E3EF116D9DA /* src */ = {
			isa = PBXGroup;
			children = (
				447C4A01F9E734204E10B9C8 /* GlobalConfigDetail.hpp */,
				0ADCFBE42423A192AFA7C223 /* ofxGlobalConfig.hpp */,
			);
			name = src;
			sourceTree = "<group>";
		};
		BA6760AC87647DD61A92BD41 /* win32 */ = {
			isa = PBXGroup;
			children = (
				2A5B1FAD3F30C8065C396ACB /* NetworkingUtilsWin.cpp */,
				5928AA323F5C2690B06C837D /* UdpSocketWin.cpp */,
			);
			name = win32;
			sourceTree = "<group>";
		};
		BB4B014C10F69532006C3DED /* addons */ = {
			isa = PBXGroup;
			children = (
				E6053AB7FEC63D5F83825B88 /* ofxOsc */,
				1F4FB5C423662B96ADFDCC0B /* ofxXmlSettings */,
				385781D4464FBE9EBCA0FF00 /* ofx2DFigures */,
				FA21503FB471EFEA08DDEB72 /* ofxGlobalConfig */,
				FF965948C96B84855429246B /* ofxTableGestures */,
			);
			name = addons;
			sourceTree = "<group>";
		};
		BBAB23C913894ECA00AA2426 /* system frameworks */ = {
			isa = PBXGroup;
			children = (
				E7F985F515E0DE99003869B5 /* Accelerate.framework */,
				E4C2424410CC5A17004149E2 /* AppKit.framework */,
				E4C2424510CC5A17004149E2 /* Cocoa.framework */,
				E4C2424610CC5A17004149E2 /* IOKit.framework */,
				E45BE9710E8CC7DD009D7055 /* AGL.framework */,
				E45BE9720E8CC7DD009D7055 /* ApplicationServices.framework */,
				E45BE9730E8CC7DD009D7055 /* AudioToolbox.framework */,
				E45BE9740E8CC7DD009D7055 /* Carbon.framework */,
				E45BE9750E8CC7DD009D7055 /* CoreAudio.framework */,
				E45BE9760E8CC7DD009D7055 /* CoreFoundation.framework */,
				E45BE9770E8CC7DD009D7055 /* CoreServices.framework */,
				E45BE9790E8CC7DD009D7055 /* OpenGL.framework */,
				E45BE97A0E8CC7DD009D7055 /* QuickTime.framework */,
				E7E077E415D3B63C0020DFD4 /* CoreVideo.framework */,
				E7E077E715D3B6510020DFD4 /* QTKit.framework */,
			);
			name = "system frameworks";
			sourceTree = "<group>";
		};
		BBAB23CA13894EDB00AA2426 /* 3rd party frameworks */ = {
			isa = PBXGroup;
			children = (
				BBAB23BE13894E4700AA2426 /* GLUT.framework */,
			);
			name = "3rd party frameworks";
			sourceTree = "<group>";
		};
		BD2F1A9F8D0C05EDB29122D0 /* src */ = {
			isa = PBXGroup;
			children = (
				00D6D32B84B099226431108C /* ofxOsc.h */,
				7689F8A0F3D0B7635A8C3104 /* ofxOscArg.h */,
				65EEFA3DA3526E9CDD9C21F9 /* ofxOscBundle.cpp */,
				8B30E93FD3D3475EED522A0E /* ofxOscBundle.h */,
				DF49D76C45D5DB505A234880 /* ofxOscMessage.cpp */,
				C58862C6D212C8E8A83810F4 /* ofxOscMessage.h */,
				0AED834CE4DEC5260AF302A2 /* ofxOscParameterSync.cpp */,
				B31C608870ECEB2490A93736 /* ofxOscParameterSync.h */,
				C2FAC65C491D4231379F3298 /* ofxOscReceiver.cpp */,
				8C75AFC8774A62495DD53464 /* ofxOscReceiver.h */,
				81967292BFC87A0144BD32C6 /* ofxOscSender.cpp */,
				9F7986DC4EB05E75FCE2C777 /* ofxOscSender.h */,
			);
			name = src;
			sourceTree = "<group>";
		};
		BD55ECE6A06ADDF7F6FECBD5 /* Utils */ = {
			isa = PBXGroup;
			children = (
				65A6A1C8B54AA68A7BA2D362 /* Alarm.hpp */,
				88516C04CB7E6F62E1ECA5B7 /* OscTools.hpp */,
				ECB1696040490235A7DAC0C6 /* Singleton.hpp */,
			);
			name = Utils;
			sourceTree = "<group>";
		};
		D27B2221A225CA523C019676 /* src */ = {
			isa = PBXGroup;
			children = (
				FF8CDF57858E9B94E3237115 /* ip */,
				30CB364908817057B430D528 /* osc */,
			);
			name = src;
			sourceTree = "<group>";
		};
		E4328144138ABC890047C5CB /* Products */ = {
			isa = PBXGroup;
			children = (
				E4328148138ABC890047C5CB /* openFrameworksDebug.a */,
			);
			name = Products;
			sourceTree = "<group>";
		};
		E45BE5980E8CC70C009D7055 /* frameworks */ = {
			isa = PBXGroup;
			children = (
				BBAB23CA13894EDB00AA2426 /* 3rd party frameworks */,
				BBAB23C913894ECA00AA2426 /* system frameworks */,
			);
			name = frameworks;
			sourceTree = "<group>";
		};
		E4B69B4A0A3A1720003C02F2 = {
			isa = PBXGroup;
			children = (
				E4B6FCAD0C3E899E008CF71C /* openFrameworks-Info.plist */,
				E4EB6923138AFD0F00A09F29 /* Project.xcconfig */,
				E4B69E1C0A3A1BDC003C02F2 /* src */,
				E4EEC9E9138DF44700A80321 /* openFrameworks */,
				BB4B014C10F69532006C3DED /* addons */,
				E45BE5980E8CC70C009D7055 /* frameworks */,
				E4B69B5B0A3A1756003C02F2 /* MTCFDebug.app */,
			);
			sourceTree = "<group>";
		};
		E4B69E1C0A3A1BDC003C02F2 /* src */ = {
			isa = PBXGroup;
			children = (
				6567F332183FA8D3008B8B2E /* dispatcher.cpp */,
				6567F333183FA8D3008B8B2E /* dispatcher.hpp */,
				6567F334183FA8D3008B8B2E /* osc_common_draw.hpp */,
				6567F335183FA8D3008B8B2E /* osc_distances.hpp */,
				6567F336183FA8D3008B8B2E /* osc_fingers.hpp */,
				6567F337183FA8D3008B8B2E /* osc_general.cpp */,
				6567F338183FA8D3008B8B2E /* osc_general.hpp */,
				6567F339183FA8D3008B8B2E /* osc_polygon.hpp */,
				6567F33A183FA8D3008B8B2E /* osc_text.hpp */,
				6567F33B183FA8D3008B8B2E /* oscReporter.hpp */,
				6567F33C183FA8D3008B8B2E /* simpleAllObjects.hpp */,
				E4B69E1D0A3A1BDC003C02F2 /* main.cpp */,
				E4B69E1E0A3A1BDC003C02F2 /* testApp.cpp */,
				E4B69E1F0A3A1BDC003C02F2 /* testApp.h */,
			);
			path = src;
			sourceTree = SOURCE_ROOT;
		};
		E4EEC9E9138DF44700A80321 /* openFrameworks */ = {
			isa = PBXGroup;
			children = (
				E4EB691F138AFCF100A09F29 /* CoreOF.xcconfig */,
				E4328143138ABC890047C5CB /* openFrameworksLib.xcodeproj */,
			);
			name = openFrameworks;
			sourceTree = "<group>";
		};
		E6053AB7FEC63D5F83825B88 /* ofxOsc */ = {
			isa = PBXGroup;
			children = (
				BD2F1A9F8D0C05EDB29122D0 /* src */,
				38871A5825686AE018EC2BF0 /* libs */,
			);
			name = ofxOsc;
			sourceTree = "<group>";
		};
		FA21503FB471EFEA08DDEB72 /* ofxGlobalConfig */ = {
			isa = PBXGroup;
			children = (
				B769C2D0E2BA7E3EF116D9DA /* src */,
			);
			name = ofxGlobalConfig;
			sourceTree = "<group>";
		};
		FF8CDF57858E9B94E3237115 /* ip */ = {
			isa = PBXGroup;
			children = (
				ADD194746185E2DA11468377 /* IpEndpointName.cpp */,
				48974F980F51769171D0B2F5 /* IpEndpointName.h */,
				F7FBC56859535E597B24BB91 /* NetworkingUtils.h */,
				23640F57DF6C4BB6BFC5DA4C /* PacketListener.h */,
				641362CA659FAFEE4E81001B /* posix */,
				444657A12E59D0ED86981498 /* TimerListener.h */,
				2FD4B0329909D3527F003494 /* UdpSocket.h */,
				BA6760AC87647DD61A92BD41 /* win32 */,
			);
			name = ip;
			sourceTree = "<group>";
		};
		FF965948C96B84855429246B /* ofxTableGestures */ = {
			isa = PBXGroup;
			children = (
				B058949906298D201DF33B42 /* src */,
			);
			name = ofxTableGestures;
			sourceTree = "<group>";
		};
		FF9DA01A63525465CAC3A9B9 /* Core */ = {
			isa = PBXGroup;
			children = (
				E531CFE560EB42C74ADCEEB4 /* EventClient.hpp */,
				2A22B5E46E4AF471AB80A04B /* FigureGraphic.hpp */,
				A32328FA036BA733F924C0E1 /* Graphic.cpp */,
				9FD7EF13ABFC16A95A71E04D /* Graphic.hpp */,
				44D7089802B01674AA4DEFA9 /* GraphicDispatcher.cpp */,
				A31DB2ED2400DB505400D880 /* GraphicDispatcher.hpp */,
				A97DF505F2CB4A32E1635164 /* TableApp.cpp */,
				D8CF57135AAD7AC50F18109F /* TableApp.hpp */,
			);
			name = Core;
			sourceTree = "<group>";
		};
/* End PBXGroup section */

/* Begin PBXNativeTarget section */
		E4B69B5A0A3A1756003C02F2 /* MTCF */ = {
			isa = PBXNativeTarget;
			buildConfigurationList = E4B69B5F0A3A1757003C02F2 /* Build configuration list for PBXNativeTarget "MTCF" */;
			buildPhases = (
				E4B69B580A3A1756003C02F2 /* Sources */,
				E4B69B590A3A1756003C02F2 /* Frameworks */,
				E4B6FFFD0C3F9AB9008CF71C /* ShellScript */,
				E4C2427710CC5ABF004149E2 /* CopyFiles */,
			);
			buildRules = (
			);
			dependencies = (
				E4EEB9AC138B136A00A80321 /* PBXTargetDependency */,
			);
			name = MTCF;
			productName = myOFApp;
			productReference = E4B69B5B0A3A1756003C02F2 /* MTCFDebug.app */;
			productType = "com.apple.product-type.application";
		};
/* End PBXNativeTarget section */

/* Begin PBXProject section */
		E4B69B4C0A3A1720003C02F2 /* Project object */ = {
			isa = PBXProject;
			attributes = {
				LastUpgradeCheck = 0460;
			};
			buildConfigurationList = E4B69B4D0A3A1720003C02F2 /* Build configuration list for PBXProject "MTCF" */;
			compatibilityVersion = "Xcode 3.2";
			developmentRegion = English;
			hasScannedForEncodings = 0;
			knownRegions = (
				English,
				Japanese,
				French,
				German,
			);
			mainGroup = E4B69B4A0A3A1720003C02F2;
			productRefGroup = E4B69B4A0A3A1720003C02F2;
			projectDirPath = "";
			projectReferences = (
				{
					ProductGroup = E4328144138ABC890047C5CB /* Products */;
					ProjectRef = E4328143138ABC890047C5CB /* openFrameworksLib.xcodeproj */;
				},
			);
			projectRoot = "";
			targets = (
				E4B69B5A0A3A1756003C02F2 /* MTCF */,
			);
		};
/* End PBXProject section */

/* Begin PBXReferenceProxy section */
		E4328148138ABC890047C5CB /* openFrameworksDebug.a */ = {
			isa = PBXReferenceProxy;
			fileType = archive.ar;
			path = openFrameworksDebug.a;
			remoteRef = E4328147138ABC890047C5CB /* PBXContainerItemProxy */;
			sourceTree = BUILT_PRODUCTS_DIR;
		};
/* End PBXReferenceProxy section */

/* Begin PBXShellScriptBuildPhase section */
		E4B6FFFD0C3F9AB9008CF71C /* ShellScript */ = {
			isa = PBXShellScriptBuildPhase;
			buildActionMask = 2147483647;
			files = (
			);
			inputPaths = (
			);
			outputPaths = (
			);
			runOnlyForDeploymentPostprocessing = 0;
			shellPath = /bin/sh;
			shellScript = "cp -f ../../../libs/fmodex/lib/osx/libfmodex.dylib \"$TARGET_BUILD_DIR/$PRODUCT_NAME.app/Contents/MacOS/libfmodex.dylib\"; install_name_tool -change ./libfmodex.dylib @executable_path/libfmodex.dylib \"$TARGET_BUILD_DIR/$PRODUCT_NAME.app/Contents/MacOS/$PRODUCT_NAME\";\nmkdir -p \"$TARGET_BUILD_DIR/$PRODUCT_NAME.app/Contents/Resources/\"\ncp -f \"$ICON_FILE\" \"$TARGET_BUILD_DIR/$PRODUCT_NAME.app/Contents/Resources/\"\ncp -r bin/data \"$TARGET_BUILD_DIR/$PRODUCT_NAME.app/Contents/Resources\";\n";
		};
/* End PBXShellScriptBuildPhase section */

/* Begin PBXSourcesBuildPhase section */
		E4B69B580A3A1756003C02F2 /* Sources */ = {
			isa = PBXSourcesBuildPhase;
			buildActionMask = 2147483647;
			files = (
				E4B69E200A3A1BDC003C02F2 /* main.cpp in Sources */,
				E4B69E210A3A1BDC003C02F2 /* testApp.cpp in Sources */,
				72A929D3561B8232A182ABFC /* ofxOscBundle.cpp in Sources */,
				5864AD82E20F15536D054EA3 /* ofxOscMessage.cpp in Sources */,
				4ADB88E2FB52E76A471065DE /* ofxOscParameterSync.cpp in Sources */,
				640279EE111671BD026CB013 /* ofxOscReceiver.cpp in Sources */,
				8F5205AEF8861EF234F0651A /* ofxOscSender.cpp in Sources */,
				ADE367465D2A8EBAD4C7A8D9 /* IpEndpointName.cpp in Sources */,
				67FE4C7B15C2F0478C8126C2 /* NetworkingUtils.cpp in Sources */,
				510CAFE035E576A4E1502D52 /* UdpSocket.cpp in Sources */,
				6567F33D183FA8D3008B8B2E /* dispatcher.cpp in Sources */,
				A29D8C96AE042ECEAA1BD4F3 /* NetworkingUtilsWin.cpp in Sources */,
				28090DEB5109115003E8F1C5 /* UdpSocketWin.cpp in Sources */,
				62545D179C94265CA1389D4A /* OscOutboundPacketStream.cpp in Sources */,
				C4782ECC372420ACE0615B74 /* OscPrintReceivedElements.cpp in Sources */,
				6567F33E183FA8D3008B8B2E /* osc_general.cpp in Sources */,
				0546D1A38E13BD319CC9755B /* OscReceivedElements.cpp in Sources */,
				879A251454401BC0B6E4F238 /* OscTypes.cpp in Sources */,
				63B57AC5BF4EF088491E0317 /* ofxXmlSettings.cpp in Sources */,
				933A2227713C720CEFF80FD9 /* tinyxml.cpp in Sources */,
				9D44DC88EF9E7991B4A09951 /* tinyxmlerror.cpp in Sources */,
				5A4349E9754D6FA14C0F2A3A /* tinyxmlparser.cpp in Sources */,
				159BD30F49FD4EE736C2CBA8 /* BoundingBox.cpp in Sources */,
				7273D0E2B6812DF0D3615EB7 /* CollisionHelper.cpp in Sources */,
				60FFF1312C8E43A42AEC3B9F /* Figure.cpp in Sources */,
				15D5705AAA6229C82A0A8907 /* Polygon.cpp in Sources */,
				9A7CEE40B7B0F187058630D1 /* Triangulate.cpp in Sources */,
				1CFE669F69FE0A1162755BF6 /* Graphic.cpp in Sources */,
				87978A351C12B1676C9FDE60 /* GraphicDispatcher.cpp in Sources */,
				C63C099FF30954289EFF2BE6 /* TableApp.cpp in Sources */,
				747CDFD75B4FD9BC2E4CA5B7 /* CursorFeedback.cpp in Sources */,
				BDFF77F87E6FA9941F7897BD /* FigureFeedback.cpp in Sources */,
				DA2ABD165C5B66A7C2B600D0 /* InputGestureBasicFingers.cpp in Sources */,
				C50AD4E9686C55B9EED84B1B /* InputGestureBasicObjects.cpp in Sources */,
				417FB61DAA2B1DD2218C556F /* InputGestureDirectFingers.cpp in Sources */,
				3D0DF2F309333ED4EDCFF162 /* InputGestureDirectObjects.cpp in Sources */,
				E3C0E57B6CA6381BA59C4864 /* InputGestureHand.cpp in Sources */,
				440B3CD0E68713E6ABEBC099 /* InputGestureTuio1.12.5D.cpp in Sources */,
				C940DDF83B40734D3609B976 /* InputGestureTuio1.12D.cpp in Sources */,
				8450F917088E016221BFCA15 /* InputGestureTuio1.13D.cpp in Sources */,
				126CA6E983CCA43AB925B629 /* Grid.cpp in Sources */,
				3C9E8F6D5A107A2CE1F7F0C3 /* Renderer.cpp in Sources */,
				9D362AAB25E3E34F0E1F1ED8 /* Renderer_plane.cpp in Sources */,
				D51FB91DD6E12AA6AA3D7CC8 /* Renderer_to_texture.cpp in Sources */,
				A4C32C6B309DA9A9245C31F9 /* container.cpp in Sources */,
				869FD5546F8C30C60A30AB43 /* Shapes.cpp in Sources */,
				2C94348B3606F2B01C9F2E69 /* Simulator.cpp in Sources */,
			);
			runOnlyForDeploymentPostprocessing = 0;
		};
/* End PBXSourcesBuildPhase section */

/* Begin PBXTargetDependency section */
		E4EEB9AC138B136A00A80321 /* PBXTargetDependency */ = {
			isa = PBXTargetDependency;
			name = openFrameworks;
			targetProxy = E4EEB9AB138B136A00A80321 /* PBXContainerItemProxy */;
		};
/* End PBXTargetDependency section */

/* Begin XCBuildConfiguration section */
		E4B69B4E0A3A1720003C02F2 /* Debug */ = {
			isa = XCBuildConfiguration;
			baseConfigurationReference = E4EB6923138AFD0F00A09F29 /* Project.xcconfig */;
			buildSettings = {
				ARCHS = "$(NATIVE_ARCH)";
				CONFIGURATION_BUILD_DIR = "$(SRCROOT)/bin/";
				COPY_PHASE_STRIP = NO;
				DEAD_CODE_STRIPPING = YES;
				GCC_AUTO_VECTORIZATION = YES;
				GCC_ENABLE_SSE3_EXTENSIONS = YES;
				GCC_ENABLE_SUPPLEMENTAL_SSE3_INSTRUCTIONS = YES;
				GCC_INLINES_ARE_PRIVATE_EXTERN = NO;
				GCC_OPTIMIZATION_LEVEL = 0;
				GCC_SYMBOLS_PRIVATE_EXTERN = NO;
				GCC_WARN_ABOUT_DEPRECATED_FUNCTIONS = YES;
				GCC_WARN_ABOUT_INVALID_OFFSETOF_MACRO = NO;
				GCC_WARN_ALLOW_INCOMPLETE_PROTOCOL = NO;
				GCC_WARN_UNINITIALIZED_AUTOS = NO;
				GCC_WARN_UNUSED_VALUE = NO;
				GCC_WARN_UNUSED_VARIABLE = NO;
				HEADER_SEARCH_PATHS = (
					"$(OF_CORE_HEADERS)",
					../../../addons/ofxOsc/libs,
					../../../addons/ofxOsc/libs/oscpack,
					../../../addons/ofxOsc/libs/oscpack/src,
					../../../addons/ofxOsc/libs/oscpack/src/ip,
					../../../addons/ofxOsc/libs/oscpack/src/ip/posix,
					../../../addons/ofxOsc/libs/oscpack/src/ip/win32,
					../../../addons/ofxOsc/libs/oscpack/src/osc,
					../../../addons/ofxOsc/src,
					../../../addons/ofxXmlSettings/libs,
					../../../addons/ofxXmlSettings/src,
					../../../addons/ofx2DFigures/libs,
					../../../addons/ofx2DFigures/src,
					../../../addons/ofxGlobalConfig/libs,
					../../../addons/ofxGlobalConfig/src,
					../../../addons/ofxTableGestures/libs,
					../../../addons/ofxTableGestures/src,
					../../../addons/ofxTableGestures/src/Core,
					../../../addons/ofxTableGestures/src/Feedback,
					../../../addons/ofxTableGestures/src/Gestures,
					../../../addons/ofxTableGestures/src/Gestures/Gestures,
					"../../../addons/ofxTableGestures/src/Gestures/Gestures-Extras",
					../../../addons/ofxTableGestures/src/Gestures/tuio1.1,
					../../../addons/ofxTableGestures/src/Render,
					../../../addons/ofxTableGestures/src/Simulator,
					../../../addons/ofxTableGestures/src/Utils,
				);
				MACOSX_DEPLOYMENT_TARGET = 10.6;
				OTHER_CPLUSPLUSFLAGS = (
					"-D__MACOSX_CORE__",
					"-lpthread",
					"-mtune=native",
				);
				SDKROOT = macosx;
			};
			name = Debug;
		};
		E4B69B4F0A3A1720003C02F2 /* Release */ = {
			isa = XCBuildConfiguration;
			baseConfigurationReference = E4EB6923138AFD0F00A09F29 /* Project.xcconfig */;
			buildSettings = {
				ARCHS = "$(NATIVE_ARCH)";
				CONFIGURATION_BUILD_DIR = "$(SRCROOT)/bin/";
				COPY_PHASE_STRIP = YES;
				DEAD_CODE_STRIPPING = YES;
				GCC_AUTO_VECTORIZATION = YES;
				GCC_ENABLE_SSE3_EXTENSIONS = YES;
				GCC_ENABLE_SUPPLEMENTAL_SSE3_INSTRUCTIONS = YES;
				GCC_INLINES_ARE_PRIVATE_EXTERN = NO;
				GCC_OPTIMIZATION_LEVEL = 3;
				GCC_SYMBOLS_PRIVATE_EXTERN = NO;
				GCC_UNROLL_LOOPS = YES;
				GCC_WARN_ABOUT_DEPRECATED_FUNCTIONS = YES;
				GCC_WARN_ABOUT_INVALID_OFFSETOF_MACRO = NO;
				GCC_WARN_ALLOW_INCOMPLETE_PROTOCOL = NO;
				GCC_WARN_UNINITIALIZED_AUTOS = NO;
				GCC_WARN_UNUSED_VALUE = NO;
				GCC_WARN_UNUSED_VARIABLE = NO;
				HEADER_SEARCH_PATHS = (
					"$(OF_CORE_HEADERS)",
					../../../addons/ofxOsc/libs,
					../../../addons/ofxOsc/libs/oscpack,
					../../../addons/ofxOsc/libs/oscpack/src,
					../../../addons/ofxOsc/libs/oscpack/src/ip,
					../../../addons/ofxOsc/libs/oscpack/src/ip/posix,
					../../../addons/ofxOsc/libs/oscpack/src/ip/win32,
					../../../addons/ofxOsc/libs/oscpack/src/osc,
					../../../addons/ofxOsc/src,
					../../../addons/ofxXmlSettings/libs,
					../../../addons/ofxXmlSettings/src,
					../../../addons/ofx2DFigures/libs,
					../../../addons/ofx2DFigures/src,
					../../../addons/ofxGlobalConfig/libs,
					../../../addons/ofxGlobalConfig/src,
					../../../addons/ofxTableGestures/libs,
					../../../addons/ofxTableGestures/src,
					../../../addons/ofxTableGestures/src/Core,
					../../../addons/ofxTableGestures/src/Feedback,
					../../../addons/ofxTableGestures/src/Gestures,
					../../../addons/ofxTableGestures/src/Gestures/Gestures,
					"../../../addons/ofxTableGestures/src/Gestures/Gestures-Extras",
					../../../addons/ofxTableGestures/src/Gestures/tuio1.1,
					../../../addons/ofxTableGestures/src/Render,
					../../../addons/ofxTableGestures/src/Simulator,
					../../../addons/ofxTableGestures/src/Utils,
				);
				MACOSX_DEPLOYMENT_TARGET = 10.6;
				OTHER_CPLUSPLUSFLAGS = (
					"-D__MACOSX_CORE__",
					"-lpthread",
					"-mtune=native",
				);
				SDKROOT = macosx;
			};
			name = Release;
		};
		E4B69B600A3A1757003C02F2 /* Debug */ = {
			isa = XCBuildConfiguration;
			buildSettings = {
				COMBINE_HIDPI_IMAGES = YES;
				COPY_PHASE_STRIP = NO;
				FRAMEWORK_SEARCH_PATHS = (
					"$(inherited)",
					"$(FRAMEWORK_SEARCH_PATHS_QUOTED_FOR_TARGET_1)",
				);
				FRAMEWORK_SEARCH_PATHS_QUOTED_FOR_TARGET_1 = "\"$(SRCROOT)/../../../libs/glut/lib/osx\"";
				GCC_DYNAMIC_NO_PIC = NO;
				GCC_GENERATE_DEBUGGING_SYMBOLS = YES;
				GCC_MODEL_TUNING = NONE;
				ICON = "$(ICON_NAME_DEBUG)";
				ICON_FILE = "$(ICON_FILE_PATH)$(ICON)";
				INFOPLIST_FILE = "openFrameworks-Info.plist";
				INSTALL_PATH = "$(HOME)/Applications";
				LIBRARY_SEARCH_PATHS = (
					"$(inherited)",
					"$(LIBRARY_SEARCH_PATHS_QUOTED_FOR_TARGET_1)",
					"$(LIBRARY_SEARCH_PATHS_QUOTED_FOR_TARGET_2)",
					"$(LIBRARY_SEARCH_PATHS_QUOTED_FOR_TARGET_3)",
					"$(LIBRARY_SEARCH_PATHS_QUOTED_FOR_TARGET_4)",
					"$(LIBRARY_SEARCH_PATHS_QUOTED_FOR_TARGET_5)",
					"$(LIBRARY_SEARCH_PATHS_QUOTED_FOR_TARGET_6)",
					"$(LIBRARY_SEARCH_PATHS_QUOTED_FOR_TARGET_7)",
					"$(LIBRARY_SEARCH_PATHS_QUOTED_FOR_TARGET_8)",
					"$(LIBRARY_SEARCH_PATHS_QUOTED_FOR_TARGET_9)",
					"$(LIBRARY_SEARCH_PATHS_QUOTED_FOR_TARGET_10)",
					"$(LIBRARY_SEARCH_PATHS_QUOTED_FOR_TARGET_11)",
					"$(LIBRARY_SEARCH_PATHS_QUOTED_FOR_TARGET_12)",
					"$(LIBRARY_SEARCH_PATHS_QUOTED_FOR_TARGET_13)",
					"$(LIBRARY_SEARCH_PATHS_QUOTED_FOR_TARGET_14)",
					"$(LIBRARY_SEARCH_PATHS_QUOTED_FOR_TARGET_15)",
					"$(LIBRARY_SEARCH_PATHS_QUOTED_FOR_TARGET_2)",
					"$(LIBRARY_SEARCH_PATHS_QUOTED_FOR_TARGET_3)",
					"$(LIBRARY_SEARCH_PATHS_QUOTED_FOR_TARGET_7)",
					"$(LIBRARY_SEARCH_PATHS_QUOTED_FOR_TARGET_8)",
					"$(LIBRARY_SEARCH_PATHS_QUOTED_FOR_TARGET_9)",
					"$(LIBRARY_SEARCH_PATHS_QUOTED_FOR_TARGET_10)",
					"$(LIBRARY_SEARCH_PATHS_QUOTED_FOR_TARGET_11)",
					"$(LIBRARY_SEARCH_PATHS_QUOTED_FOR_TARGET_12)",
					"$(LIBRARY_SEARCH_PATHS_QUOTED_FOR_TARGET_13)",
					"$(LIBRARY_SEARCH_PATHS_QUOTED_FOR_TARGET_16)",
					"$(LIBRARY_SEARCH_PATHS_QUOTED_FOR_TARGET_17)",
					"$(LIBRARY_SEARCH_PATHS_QUOTED_FOR_TARGET_18)",
					"$(LIBRARY_SEARCH_PATHS_QUOTED_FOR_TARGET_19)",
					"$(LIBRARY_SEARCH_PATHS_QUOTED_FOR_TARGET_20)",
					"$(LIBRARY_SEARCH_PATHS_QUOTED_FOR_TARGET_21)",
					"$(LIBRARY_SEARCH_PATHS_QUOTED_FOR_TARGET_22)",
					"$(LIBRARY_SEARCH_PATHS_QUOTED_FOR_TARGET_23)",
					"$(LIBRARY_SEARCH_PATHS_QUOTED_FOR_TARGET_24)",
					"$(LIBRARY_SEARCH_PATHS_QUOTED_FOR_TARGET_25)",
					"$(LIBRARY_SEARCH_PATHS_QUOTED_FOR_TARGET_26)",
					"$(LIBRARY_SEARCH_PATHS_QUOTED_FOR_TARGET_27)",
					"$(LIBRARY_SEARCH_PATHS_QUOTED_FOR_TARGET_28)",
					"$(LIBRARY_SEARCH_PATHS_QUOTED_FOR_TARGET_29)",
					"$(LIBRARY_SEARCH_PATHS_QUOTED_FOR_TARGET_30)",
					"$(LIBRARY_SEARCH_PATHS_QUOTED_FOR_TARGET_31)",
					"$(LIBRARY_SEARCH_PATHS_QUOTED_FOR_TARGET_32)",
					"$(LIBRARY_SEARCH_PATHS_QUOTED_FOR_TARGET_33)",
					"$(LIBRARY_SEARCH_PATHS_QUOTED_FOR_TARGET_34)",
					"$(LIBRARY_SEARCH_PATHS_QUOTED_FOR_TARGET_35)",
					"$(LIBRARY_SEARCH_PATHS_QUOTED_FOR_TARGET_36)",
					"$(LIBRARY_SEARCH_PATHS_QUOTED_FOR_TARGET_37)",
					"$(LIBRARY_SEARCH_PATHS_QUOTED_FOR_TARGET_38)",
					"$(LIBRARY_SEARCH_PATHS_QUOTED_FOR_TARGET_39)",
					"$(LIBRARY_SEARCH_PATHS_QUOTED_FOR_TARGET_40)",
					"$(LIBRARY_SEARCH_PATHS_QUOTED_FOR_TARGET_41)",
					"$(LIBRARY_SEARCH_PATHS_QUOTED_FOR_TARGET_42)",
					"$(LIBRARY_SEARCH_PATHS_QUOTED_FOR_TARGET_43)",
					"$(LIBRARY_SEARCH_PATHS_QUOTED_FOR_TARGET_44)",
					"$(LIBRARY_SEARCH_PATHS_QUOTED_FOR_TARGET_45)",
					"$(LIBRARY_SEARCH_PATHS_QUOTED_FOR_TARGET_46)",
					"$(LIBRARY_SEARCH_PATHS_QUOTED_FOR_TARGET_47)",
					"$(LIBRARY_SEARCH_PATHS_QUOTED_FOR_TARGET_48)",
					"$(LIBRARY_SEARCH_PATHS_QUOTED_FOR_TARGET_49)",
					"$(LIBRARY_SEARCH_PATHS_QUOTED_FOR_TARGET_50)",
					"$(LIBRARY_SEARCH_PATHS_QUOTED_FOR_TARGET_51)",
					"$(LIBRARY_SEARCH_PATHS_QUOTED_FOR_TARGET_52)",
				);
				PRODUCT_NAME = "$(TARGET_NAME)Debug";
				WRAPPER_EXTENSION = app;
			};
			name = Debug;
		};
		E4B69B610A3A1757003C02F2 /* Release */ = {
			isa = XCBuildConfiguration;
			buildSettings = {
				COMBINE_HIDPI_IMAGES = YES;
				COPY_PHASE_STRIP = YES;
				FRAMEWORK_SEARCH_PATHS = (
					"$(inherited)",
					"$(FRAMEWORK_SEARCH_PATHS_QUOTED_FOR_TARGET_1)",
				);
				FRAMEWORK_SEARCH_PATHS_QUOTED_FOR_TARGET_1 = "\"$(SRCROOT)/../../../libs/glut/lib/osx\"";
				GCC_GENERATE_DEBUGGING_SYMBOLS = YES;
				GCC_MODEL_TUNING = NONE;
				ICON = "$(ICON_NAME_RELEASE)";
				ICON_FILE = "$(ICON_FILE_PATH)$(ICON)";
				INFOPLIST_FILE = "openFrameworks-Info.plist";
				INSTALL_PATH = "$(HOME)/Applications";
				LIBRARY_SEARCH_PATHS = (
					"$(inherited)",
					"$(LIBRARY_SEARCH_PATHS_QUOTED_FOR_TARGET_1)",
					"$(LIBRARY_SEARCH_PATHS_QUOTED_FOR_TARGET_2)",
					"$(LIBRARY_SEARCH_PATHS_QUOTED_FOR_TARGET_3)",
					"$(LIBRARY_SEARCH_PATHS_QUOTED_FOR_TARGET_4)",
					"$(LIBRARY_SEARCH_PATHS_QUOTED_FOR_TARGET_5)",
					"$(LIBRARY_SEARCH_PATHS_QUOTED_FOR_TARGET_6)",
					"$(LIBRARY_SEARCH_PATHS_QUOTED_FOR_TARGET_7)",
					"$(LIBRARY_SEARCH_PATHS_QUOTED_FOR_TARGET_8)",
					"$(LIBRARY_SEARCH_PATHS_QUOTED_FOR_TARGET_9)",
					"$(LIBRARY_SEARCH_PATHS_QUOTED_FOR_TARGET_10)",
					"$(LIBRARY_SEARCH_PATHS_QUOTED_FOR_TARGET_11)",
					"$(LIBRARY_SEARCH_PATHS_QUOTED_FOR_TARGET_12)",
					"$(LIBRARY_SEARCH_PATHS_QUOTED_FOR_TARGET_13)",
					"$(LIBRARY_SEARCH_PATHS_QUOTED_FOR_TARGET_14)",
					"$(LIBRARY_SEARCH_PATHS_QUOTED_FOR_TARGET_15)",
					"$(LIBRARY_SEARCH_PATHS_QUOTED_FOR_TARGET_2)",
					"$(LIBRARY_SEARCH_PATHS_QUOTED_1)",
					"$(LIBRARY_SEARCH_PATHS_QUOTED_FOR_TARGET_3)",
					"$(LIBRARY_SEARCH_PATHS_QUOTED_FOR_TARGET_7)",
					"$(LIBRARY_SEARCH_PATHS_QUOTED_FOR_TARGET_8)",
					"$(LIBRARY_SEARCH_PATHS_QUOTED_FOR_TARGET_9)",
					"$(LIBRARY_SEARCH_PATHS_QUOTED_FOR_TARGET_10)",
					"$(LIBRARY_SEARCH_PATHS_QUOTED_FOR_TARGET_11)",
					"$(LIBRARY_SEARCH_PATHS_QUOTED_FOR_TARGET_12)",
					"$(LIBRARY_SEARCH_PATHS_QUOTED_FOR_TARGET_13)",
					"$(LIBRARY_SEARCH_PATHS_QUOTED_FOR_TARGET_16)",
					"$(LIBRARY_SEARCH_PATHS_QUOTED_FOR_TARGET_17)",
					"$(LIBRARY_SEARCH_PATHS_QUOTED_FOR_TARGET_18)",
					"$(LIBRARY_SEARCH_PATHS_QUOTED_FOR_TARGET_19)",
					"$(LIBRARY_SEARCH_PATHS_QUOTED_FOR_TARGET_20)",
					"$(LIBRARY_SEARCH_PATHS_QUOTED_FOR_TARGET_21)",
					"$(LIBRARY_SEARCH_PATHS_QUOTED_FOR_TARGET_22)",
					"$(LIBRARY_SEARCH_PATHS_QUOTED_FOR_TARGET_23)",
					"$(LIBRARY_SEARCH_PATHS_QUOTED_FOR_TARGET_24)",
					"$(LIBRARY_SEARCH_PATHS_QUOTED_FOR_TARGET_25)",
					"$(LIBRARY_SEARCH_PATHS_QUOTED_FOR_TARGET_26)",
					"$(LIBRARY_SEARCH_PATHS_QUOTED_FOR_TARGET_27)",
					"$(LIBRARY_SEARCH_PATHS_QUOTED_FOR_TARGET_28)",
					"$(LIBRARY_SEARCH_PATHS_QUOTED_FOR_TARGET_29)",
					"$(LIBRARY_SEARCH_PATHS_QUOTED_FOR_TARGET_30)",
					"$(LIBRARY_SEARCH_PATHS_QUOTED_FOR_TARGET_31)",
					"$(LIBRARY_SEARCH_PATHS_QUOTED_FOR_TARGET_32)",
					"$(LIBRARY_SEARCH_PATHS_QUOTED_FOR_TARGET_33)",
					"$(LIBRARY_SEARCH_PATHS_QUOTED_FOR_TARGET_34)",
					"$(LIBRARY_SEARCH_PATHS_QUOTED_FOR_TARGET_35)",
					"$(LIBRARY_SEARCH_PATHS_QUOTED_FOR_TARGET_36)",
					"$(LIBRARY_SEARCH_PATHS_QUOTED_FOR_TARGET_37)",
					"$(LIBRARY_SEARCH_PATHS_QUOTED_FOR_TARGET_38)",
					"$(LIBRARY_SEARCH_PATHS_QUOTED_FOR_TARGET_39)",
					"$(LIBRARY_SEARCH_PATHS_QUOTED_FOR_TARGET_40)",
					"$(LIBRARY_SEARCH_PATHS_QUOTED_FOR_TARGET_41)",
					"$(LIBRARY_SEARCH_PATHS_QUOTED_FOR_TARGET_42)",
					"$(LIBRARY_SEARCH_PATHS_QUOTED_FOR_TARGET_43)",
					"$(LIBRARY_SEARCH_PATHS_QUOTED_FOR_TARGET_44)",
					"$(LIBRARY_SEARCH_PATHS_QUOTED_FOR_TARGET_45)",
					"$(LIBRARY_SEARCH_PATHS_QUOTED_FOR_TARGET_46)",
					"$(LIBRARY_SEARCH_PATHS_QUOTED_FOR_TARGET_47)",
					"$(LIBRARY_SEARCH_PATHS_QUOTED_FOR_TARGET_48)",
					"$(LIBRARY_SEARCH_PATHS_QUOTED_FOR_TARGET_49)",
					"$(LIBRARY_SEARCH_PATHS_QUOTED_FOR_TARGET_50)",
					"$(LIBRARY_SEARCH_PATHS_QUOTED_FOR_TARGET_51)",
				);
				PRODUCT_NAME = "$(TARGET_NAME)";
				WRAPPER_EXTENSION = app;
			};
			name = Release;
		};
/* End XCBuildConfiguration section */

/* Begin XCConfigurationList section */
		E4B69B4D0A3A1720003C02F2 /* Build configuration list for PBXProject "MTCF" */ = {
			isa = XCConfigurationList;
			buildConfigurations = (
				E4B69B4E0A3A1720003C02F2 /* Debug */,
				E4B69B4F0A3A1720003C02F2 /* Release */,
			);
			defaultConfigurationIsVisible = 0;
			defaultConfigurationName = Release;
		};
		E4B69B5F0A3A1757003C02F2 /* Build configuration list for PBXNativeTarget "MTCF" */ = {
			isa = XCConfigurationList;
			buildConfigurations = (
				E4B69B600A3A1757003C02F2 /* Debug */,
				E4B69B610A3A1757003C02F2 /* Release */,
			);
			defaultConfigurationIsVisible = 0;
			defaultConfigurationName = Release;
		};
/* End XCConfigurationList section */
	};
	rootObject = E4B69B4C0A3A1720003C02F2 /* Project object */;
}
